PODS:
  - CCBottomRefreshControl (0.5.1):
    - Masonry (~> 0.6.2)
  - Masonry (0.6.3)
  - SDWebImage (3.7.3):
    - SDWebImage/Core (= 3.7.3)
  - SDWebImage/Core (3.7.3)

DEPENDENCIES:
  - CCBottomRefreshControl
  - SDWebImage (~> 3.7.3)

SPEC CHECKSUMS:
  CCBottomRefreshControl: 57a596348855260f627ffc2b311328ed15b94877
  Masonry: ff105a956abcd19a618b2028b121cb638d7a8e2f
  SDWebImage: 1d2b1a1efda1ade1b00b6f8498865f8ddedc8a84

PODFILE CHECKSUM: 3a8fb5ebaa607d050842d57adf73cab388901fcd

COCOAPODS: 1.1.1
