// !$*UTF8*$!
{
	archiveVersion = 1;
	classes = {
	};
	objectVersion = 46;
	objects = {

/* Begin PBXBuildFile section */
		9D29C14F4D760B76E8732BBC /* libPods.a in Frameworks */ = {isa = PBXBuildFile; fileRef = 58D98B10F3392FF47C21C76A /* libPods.a */; };
		EE08F2081BC545CC00869383 /* DataBindTestUITests.m in Sources */ = {isa = PBXBuildFile; fileRef = EE08F2071BC545CC00869383 /* DataBindTestUITests.m */; };
		EE4AFD2B1B9210EC007F61D5 /* main.m in Sources */ = {isa = PBXBuildFile; fileRef = EE4AFD2A1B9210EC007F61D5 /* main.m */; };
		EE4AFD2E1B9210EC007F61D5 /* AppDelegate.m in Sources */ = {isa = PBXBuildFile; fileRef = EE4AFD2D1B9210EC007F61D5 /* AppDelegate.m */; };
		EE4AFD311B9210EC007F61D5 /* ViewController.m in Sources */ = {isa = PBXBuildFile; fileRef = EE4AFD301B9210EC007F61D5 /* ViewController.m */; };
		EE4AFD341B9210EC007F61D5 /* Main.storyboard in Resources */ = {isa = PBXBuildFile; fileRef = EE4AFD321B9210EC007F61D5 /* Main.storyboard */; };
		EE4AFD361B9210EC007F61D5 /* Images.xcassets in Resources */ = {isa = PBXBuildFile; fileRef = EE4AFD351B9210EC007F61D5 /* Images.xcassets */; };
		EE4AFD391B9210EC007F61D5 /* LaunchScreen.xib in Resources */ = {isa = PBXBuildFile; fileRef = EE4AFD371B9210EC007F61D5 /* LaunchScreen.xib */; };
		EE4AFD451B9210EC007F61D5 /* DataBindTestTests.m in Sources */ = {isa = PBXBuildFile; fileRef = EE4AFD441B9210EC007F61D5 /* DataBindTestTests.m */; };
		EE6FA5EE1BC0D8490047DE8A /* CKHAsyncTask.m in Sources */ = {isa = PBXBuildFile; fileRef = EE6FA5EB1BC0D8490047DE8A /* CKHAsyncTask.m */; };
		EE6FA5EF1BC0D8490047DE8A /* CKHTask.m in Sources */ = {isa = PBXBuildFile; fileRef = EE6FA5ED1BC0D8490047DE8A /* CKHTask.m */; };
		EE6FA5F21BC0DF690047DE8A /* APIOperation.m in Sources */ = {isa = PBXBuildFile; fileRef = EE6FA5F11BC0DF690047DE8A /* APIOperation.m */; };
		EE940A011BB64A0600EB772D /* MyCell.m in Sources */ = {isa = PBXBuildFile; fileRef = EE940A001BB64A0600EB772D /* MyCell.m */; };
		EEA608121BC8C605007CBB8E /* MyAPISerializer.m in Sources */ = {isa = PBXBuildFile; fileRef = EEA608111BC8C605007CBB8E /* MyAPISerializer.m */; settings = {ASSET_TAGS = (); }; };
		EEA608631BC8FEEE007CBB8E /* CKHTableViewCell.m in Sources */ = {isa = PBXBuildFile; fileRef = EEA6085E1BC8FEEE007CBB8E /* CKHTableViewCell.m */; settings = {ASSET_TAGS = (); }; };
		EEA608641BC8FEEE007CBB8E /* KVCModel.m in Sources */ = {isa = PBXBuildFile; fileRef = EEA608601BC8FEEE007CBB8E /* KVCModel.m */; settings = {ASSET_TAGS = (); }; };
		EEA608651BC8FEEE007CBB8E /* TableViewBindHelper.m in Sources */ = {isa = PBXBuildFile; fileRef = EEA608621BC8FEEE007CBB8E /* TableViewBindHelper.m */; settings = {ASSET_TAGS = (); }; };
		EEA6086A1BC95A00007CBB8E /* EncryptorAES.m in Sources */ = {isa = PBXBuildFile; fileRef = EEA608671BC95A00007CBB8E /* EncryptorAES.m */; settings = {ASSET_TAGS = (); }; };
		EEA6086B1BC95A00007CBB8E /* NSData+Base64.m in Sources */ = {isa = PBXBuildFile; fileRef = EEA608691BC95A00007CBB8E /* NSData+Base64.m */; settings = {ASSET_TAGS = (); }; };
		EEC27E961BB2FC1300EC44E8 /* MyCell.xib in Resources */ = {isa = PBXBuildFile; fileRef = EEC27E951BB2FC1300EC44E8 /* MyCell.xib */; };
		EED7F9F61BC8134000040DB5 /* UserModel.m in Sources */ = {isa = PBXBuildFile; fileRef = EED7F9EE1BC8134000040DB5 /* UserModel.m */; settings = {ASSET_TAGS = (); }; };
		EED7F9FC1BC8153200040DB5 /* UserInfoCell.m in Sources */ = {isa = PBXBuildFile; fileRef = EED7F9FA1BC8153200040DB5 /* UserInfoCell.m */; settings = {ASSET_TAGS = (); }; };
		EED7F9FD1BC8153200040DB5 /* UserInfoCell.xib in Resources */ = {isa = PBXBuildFile; fileRef = EED7F9FB1BC8153200040DB5 /* UserInfoCell.xib */; settings = {ASSET_TAGS = (); }; };
/* End PBXBuildFile section */

/* Begin PBXContainerItemProxy section */
		EE08F20A1BC545CC00869383 /* PBXContainerItemProxy */ = {
			isa = PBXContainerItemProxy;
			containerPortal = EE4AFD1D1B9210EC007F61D5 /* Project object */;
			proxyType = 1;
			remoteGlobalIDString = EE4AFD241B9210EC007F61D5;
			remoteInfo = DataBindTest;
		};
		EE4AFD3F1B9210EC007F61D5 /* PBXContainerItemProxy */ = {
			isa = PBXContainerItemProxy;
			containerPortal = EE4AFD1D1B9210EC007F61D5 /* Project object */;
			proxyType = 1;
			remoteGlobalIDString = EE4AFD241B9210EC007F61D5;
			remoteInfo = DataBindTest;
		};
/* End PBXContainerItemProxy section */

/* Begin PBXFileReference section */
		484EB51903E9F5D59D83F901 /* Pods.debug.xcconfig */ = {isa = PBXFileReference; includeInIndex = 1; lastKnownFileType = text.xcconfig; name = Pods.debug.xcconfig; path = "Pods/Target Support Files/Pods/Pods.debug.xcconfig"; sourceTree = "<group>"; };
		58D98B10F3392FF47C21C76A /* libPods.a */ = {isa = PBXFileReference; explicitFileType = archive.ar; includeInIndex = 0; path = libPods.a; sourceTree = BUILT_PRODUCTS_DIR; };
		79C04C2798DF901AAC67F06C /* Pods.release.xcconfig */ = {isa = PBXFileReference; includeInIndex = 1; lastKnownFileType = text.xcconfig; name = Pods.release.xcconfig; path = "Pods/Target Support Files/Pods/Pods.release.xcconfig"; sourceTree = "<group>"; };
		EE08F2051BC545CC00869383 /* DataBindTestUITests.xctest */ = {isa = PBXFileReference; explicitFileType = wrapper.cfbundle; includeInIndex = 0; path = DataBindTestUITests.xctest; sourceTree = BUILT_PRODUCTS_DIR; };
		EE08F2071BC545CC00869383 /* DataBindTestUITests.m */ = {isa = PBXFileReference; lastKnownFileType = sourcecode.c.objc; path = DataBindTestUITests.m; sourceTree = "<group>"; };
		EE08F2091BC545CC00869383 /* Info.plist */ = {isa = PBXFileReference; lastKnownFileType = text.plist.xml; path = Info.plist; sourceTree = "<group>"; };
		EE4AFD251B9210EC007F61D5 /* DataBindTest.app */ = {isa = PBXFileReference; explicitFileType = wrapper.application; includeInIndex = 0; path = DataBindTest.app; sourceTree = BUILT_PRODUCTS_DIR; };
		EE4AFD291B9210EC007F61D5 /* Info.plist */ = {isa = PBXFileReference; lastKnownFileType = text.plist.xml; path = Info.plist; sourceTree = "<group>"; };
		EE4AFD2A1B9210EC007F61D5 /* main.m */ = {isa = PBXFileReference; lastKnownFileType = sourcecode.c.objc; path = main.m; sourceTree = "<group>"; };
		EE4AFD2C1B9210EC007F61D5 /* AppDelegate.h */ = {isa = PBXFileReference; lastKnownFileType = sourcecode.c.h; path = AppDelegate.h; sourceTree = "<group>"; };
		EE4AFD2D1B9210EC007F61D5 /* AppDelegate.m */ = {isa = PBXFileReference; lastKnownFileType = sourcecode.c.objc; path = AppDelegate.m; sourceTree = "<group>"; };
		EE4AFD2F1B9210EC007F61D5 /* ViewController.h */ = {isa = PBXFileReference; lastKnownFileType = sourcecode.c.h; path = ViewController.h; sourceTree = "<group>"; };
		EE4AFD301B9210EC007F61D5 /* ViewController.m */ = {isa = PBXFileReference; lastKnownFileType = sourcecode.c.objc; path = ViewController.m; sourceTree = "<group>"; };
		EE4AFD331B9210EC007F61D5 /* Base */ = {isa = PBXFileReference; lastKnownFileType = file.storyboard; name = Base; path = Base.lproj/Main.storyboard; sourceTree = "<group>"; };
		EE4AFD351B9210EC007F61D5 /* Images.xcassets */ = {isa = PBXFileReference; lastKnownFileType = folder.assetcatalog; path = Images.xcassets; sourceTree = "<group>"; };
		EE4AFD381B9210EC007F61D5 /* Base */ = {isa = PBXFileReference; lastKnownFileType = file.xib; name = Base; path = Base.lproj/LaunchScreen.xib; sourceTree = "<group>"; };
		EE4AFD3E1B9210EC007F61D5 /* DataBindTestTests.xctest */ = {isa = PBXFileReference; explicitFileType = wrapper.cfbundle; includeInIndex = 0; path = DataBindTestTests.xctest; sourceTree = BUILT_PRODUCTS_DIR; };
		EE4AFD431B9210EC007F61D5 /* Info.plist */ = {isa = PBXFileReference; lastKnownFileType = text.plist.xml; path = Info.plist; sourceTree = "<group>"; };
		EE4AFD441B9210EC007F61D5 /* DataBindTestTests.m */ = {isa = PBXFileReference; lastKnownFileType = sourcecode.c.objc; path = DataBindTestTests.m; sourceTree = "<group>"; };
		EE6FA5EA1BC0D8490047DE8A /* CKHAsyncTask.h */ = {isa = PBXFileReference; fileEncoding = 4; lastKnownFileType = sourcecode.c.h; path = CKHAsyncTask.h; sourceTree = "<group>"; };
		EE6FA5EB1BC0D8490047DE8A /* CKHAsyncTask.m */ = {isa = PBXFileReference; fileEncoding = 4; lastKnownFileType = sourcecode.c.objc; path = CKHAsyncTask.m; sourceTree = "<group>"; };
		EE6FA5EC1BC0D8490047DE8A /* CKHTask.h */ = {isa = PBXFileReference; fileEncoding = 4; lastKnownFileType = sourcecode.c.h; path = CKHTask.h; sourceTree = "<group>"; };
		EE6FA5ED1BC0D8490047DE8A /* CKHTask.m */ = {isa = PBXFileReference; fileEncoding = 4; lastKnownFileType = sourcecode.c.objc; path = CKHTask.m; sourceTree = "<group>"; };
		EE6FA5F01BC0DF690047DE8A /* APIOperation.h */ = {isa = PBXFileReference; fileEncoding = 4; lastKnownFileType = sourcecode.c.h; path = APIOperation.h; sourceTree = SOURCE_ROOT; };
		EE6FA5F11BC0DF690047DE8A /* APIOperation.m */ = {isa = PBXFileReference; fileEncoding = 4; lastKnownFileType = sourcecode.c.objc; path = APIOperation.m; sourceTree = SOURCE_ROOT; };
		EE9409FF1BB64A0600EB772D /* MyCell.h */ = {isa = PBXFileReference; fileEncoding = 4; lastKnownFileType = sourcecode.c.h; path = MyCell.h; sourceTree = "<group>"; };
		EE940A001BB64A0600EB772D /* MyCell.m */ = {isa = PBXFileReference; fileEncoding = 4; lastKnownFileType = sourcecode.c.objc; path = MyCell.m; sourceTree = "<group>"; };
		EEA608101BC8C605007CBB8E /* MyAPISerializer.h */ = {isa = PBXFileReference; fileEncoding = 4; lastKnownFileType = sourcecode.c.h; path = MyAPISerializer.h; sourceTree = "<group>"; };
		EEA608111BC8C605007CBB8E /* MyAPISerializer.m */ = {isa = PBXFileReference; fileEncoding = 4; lastKnownFileType = sourcecode.c.objc; path = MyAPISerializer.m; sourceTree = "<group>"; };
		EEA6085D1BC8FEEE007CBB8E /* CKHTableViewCell.h */ = {isa = PBXFileReference; fileEncoding = 4; lastKnownFileType = sourcecode.c.h; path = CKHTableViewCell.h; sourceTree = "<group>"; };
		EEA6085E1BC8FEEE007CBB8E /* CKHTableViewCell.m */ = {isa = PBXFileReference; fileEncoding = 4; lastKnownFileType = sourcecode.c.objc; path = CKHTableViewCell.m; sourceTree = "<group>"; };
		EEA6085F1BC8FEEE007CBB8E /* KVCModel.h */ = {isa = PBXFileReference; fileEncoding = 4; lastKnownFileType = sourcecode.c.h; path = KVCModel.h; sourceTree = "<group>"; };
		EEA608601BC8FEEE007CBB8E /* KVCModel.m */ = {isa = PBXFileReference; fileEncoding = 4; lastKnownFileType = sourcecode.c.objc; path = KVCModel.m; sourceTree = "<group>"; };
		EEA608611BC8FEEE007CBB8E /* TableViewBindHelper.h */ = {isa = PBXFileReference; fileEncoding = 4; lastKnownFileType = sourcecode.c.h; path = TableViewBindHelper.h; sourceTree = "<group>"; };
		EEA608621BC8FEEE007CBB8E /* TableViewBindHelper.m */ = {isa = PBXFileReference; fileEncoding = 4; lastKnownFileType = sourcecode.c.objc; path = TableViewBindHelper.m; sourceTree = "<group>"; };
		EEA608661BC95A00007CBB8E /* EncryptorAES.h */ = {isa = PBXFileReference; fileEncoding = 4; lastKnownFileType = sourcecode.c.h; path = EncryptorAES.h; sourceTree = "<group>"; };
		EEA608671BC95A00007CBB8E /* EncryptorAES.m */ = {isa = PBXFileReference; fileEncoding = 4; lastKnownFileType = sourcecode.c.objc; path = EncryptorAES.m; sourceTree = "<group>"; };
		EEA608681BC95A00007CBB8E /* NSData+Base64.h */ = {isa = PBXFileReference; fileEncoding = 4; lastKnownFileType = sourcecode.c.h; path = "NSData+Base64.h"; sourceTree = "<group>"; };
		EEA608691BC95A00007CBB8E /* NSData+Base64.m */ = {isa = PBXFileReference; fileEncoding = 4; lastKnownFileType = sourcecode.c.objc; path = "NSData+Base64.m"; sourceTree = "<group>"; };
		EEC27E951BB2FC1300EC44E8 /* MyCell.xib */ = {isa = PBXFileReference; fileEncoding = 4; lastKnownFileType = file.xib; path = MyCell.xib; sourceTree = "<group>"; };
		EED7F9ED1BC8134000040DB5 /* UserModel.h */ = {isa = PBXFileReference; fileEncoding = 4; lastKnownFileType = sourcecode.c.h; path = UserModel.h; sourceTree = "<group>"; };
		EED7F9EE1BC8134000040DB5 /* UserModel.m */ = {isa = PBXFileReference; fileEncoding = 4; lastKnownFileType = sourcecode.c.objc; path = UserModel.m; sourceTree = "<group>"; };
		EED7F9F91BC8153200040DB5 /* UserInfoCell.h */ = {isa = PBXFileReference; fileEncoding = 4; lastKnownFileType = sourcecode.c.h; path = UserInfoCell.h; sourceTree = "<group>"; };
		EED7F9FA1BC8153200040DB5 /* UserInfoCell.m */ = {isa = PBXFileReference; fileEncoding = 4; lastKnownFileType = sourcecode.c.objc; path = UserInfoCell.m; sourceTree = "<group>"; };
		EED7F9FB1BC8153200040DB5 /* UserInfoCell.xib */ = {isa = PBXFileReference; fileEncoding = 4; lastKnownFileType = file.xib; path = UserInfoCell.xib; sourceTree = "<group>"; };
/* End PBXFileReference section */

/* Begin PBXFrameworksBuildPhase section */
		EE08F2021BC545CC00869383 /* Frameworks */ = {
			isa = PBXFrameworksBuildPhase;
			buildActionMask = 2147483647;
			files = (
			);
			runOnlyForDeploymentPostprocessing = 0;
		};
		EE4AFD221B9210EC007F61D5 /* Frameworks */ = {
			isa = PBXFrameworksBuildPhase;
			buildActionMask = 2147483647;
			files = (
				9D29C14F4D760B76E8732BBC /* libPods.a in Frameworks */,
			);
			runOnlyForDeploymentPostprocessing = 0;
		};
		EE4AFD3B1B9210EC007F61D5 /* Frameworks */ = {
			isa = PBXFrameworksBuildPhase;
			buildActionMask = 2147483647;
			files = (
			);
			runOnlyForDeploymentPostprocessing = 0;
		};
/* End PBXFrameworksBuildPhase section */

/* Begin PBXGroup section */
		746B6AADEED11A697E500F33 /* Frameworks */ = {
			isa = PBXGroup;
			children = (
				58D98B10F3392FF47C21C76A /* libPods.a */,
			);
			name = Frameworks;
			sourceTree = "<group>";
		};
		80029721458BF4A07DF84588 /* Pods */ = {
			isa = PBXGroup;
			children = (
				484EB51903E9F5D59D83F901 /* Pods.debug.xcconfig */,
				79C04C2798DF901AAC67F06C /* Pods.release.xcconfig */,
			);
			name = Pods;
			sourceTree = "<group>";
		};
		EE08F2061BC545CC00869383 /* DataBindTestUITests */ = {
			isa = PBXGroup;
			children = (
				EE08F2071BC545CC00869383 /* DataBindTestUITests.m */,
				EE08F2091BC545CC00869383 /* Info.plist */,
			);
			path = DataBindTestUITests;
			sourceTree = "<group>";
		};
		EE4AFD1C1B9210EC007F61D5 = {
			isa = PBXGroup;
			children = (
				EEA6085C1BC8FEEE007CBB8E /* DataBind */,
				EE4AFD271B9210EC007F61D5 /* DataBindTest */,
				EE4AFD411B9210EC007F61D5 /* DataBindTestTests */,
				EE08F2061BC545CC00869383 /* DataBindTestUITests */,
				EE4AFD261B9210EC007F61D5 /* Products */,
				80029721458BF4A07DF84588 /* Pods */,
				746B6AADEED11A697E500F33 /* Frameworks */,
			);
			sourceTree = "<group>";
		};
		EE4AFD261B9210EC007F61D5 /* Products */ = {
			isa = PBXGroup;
			children = (
				EE4AFD251B9210EC007F61D5 /* DataBindTest.app */,
				EE4AFD3E1B9210EC007F61D5 /* DataBindTestTests.xctest */,
				EE08F2051BC545CC00869383 /* DataBindTestUITests.xctest */,
			);
			name = Products;
			sourceTree = "<group>";
		};
		EE4AFD271B9210EC007F61D5 /* DataBindTest */ = {
			isa = PBXGroup;
			children = (
				EED7F9ED1BC8134000040DB5 /* UserModel.h */,
				EED7F9EE1BC8134000040DB5 /* UserModel.m */,
				EED7F9F91BC8153200040DB5 /* UserInfoCell.h */,
				EED7F9FA1BC8153200040DB5 /* UserInfoCell.m */,
				EED7F9FB1BC8153200040DB5 /* UserInfoCell.xib */,
				EE6FA5F01BC0DF690047DE8A /* APIOperation.h */,
				EE6FA5F11BC0DF690047DE8A /* APIOperation.m */,
				EE6FA5EA1BC0D8490047DE8A /* CKHAsyncTask.h */,
				EE6FA5EB1BC0D8490047DE8A /* CKHAsyncTask.m */,
				EE6FA5EC1BC0D8490047DE8A /* CKHTask.h */,
				EE6FA5ED1BC0D8490047DE8A /* CKHTask.m */,
				EE4AFD2C1B9210EC007F61D5 /* AppDelegate.h */,
				EE4AFD2D1B9210EC007F61D5 /* AppDelegate.m */,
				EE4AFD2F1B9210EC007F61D5 /* ViewController.h */,
				EE4AFD301B9210EC007F61D5 /* ViewController.m */,
				EE4AFD321B9210EC007F61D5 /* Main.storyboard */,
				EE9409FF1BB64A0600EB772D /* MyCell.h */,
				EE940A001BB64A0600EB772D /* MyCell.m */,
				EEC27E951BB2FC1300EC44E8 /* MyCell.xib */,
				EE4AFD351B9210EC007F61D5 /* Images.xcassets */,
				EE4AFD371B9210EC007F61D5 /* LaunchScreen.xib */,
				EE4AFD281B9210EC007F61D5 /* Supporting Files */,
				EEA608101BC8C605007CBB8E /* MyAPISerializer.h */,
				EEA608111BC8C605007CBB8E /* MyAPISerializer.m */,
			);
			path = DataBindTest;
			sourceTree = "<group>";
		};
		EE4AFD281B9210EC007F61D5 /* Supporting Files */ = {
			isa = PBXGroup;
			children = (
				EE4AFD291B9210EC007F61D5 /* Info.plist */,
				EE4AFD2A1B9210EC007F61D5 /* main.m */,
			);
			name = "Supporting Files";
			sourceTree = "<group>";
		};
		EE4AFD411B9210EC007F61D5 /* DataBindTestTests */ = {
			isa = PBXGroup;
			children = (
				EE4AFD441B9210EC007F61D5 /* DataBindTestTests.m */,
				EE4AFD421B9210EC007F61D5 /* Supporting Files */,
			);
			path = DataBindTestTests;
			sourceTree = "<group>";
		};
		EE4AFD421B9210EC007F61D5 /* Supporting Files */ = {
			isa = PBXGroup;
			children = (
				EE4AFD431B9210EC007F61D5 /* Info.plist */,
			);
			name = "Supporting Files";
			sourceTree = "<group>";
		};
		EEA6085C1BC8FEEE007CBB8E /* DataBind */ = {
			isa = PBXGroup;
			children = (
				EEA608661BC95A00007CBB8E /* EncryptorAES.h */,
				EEA608671BC95A00007CBB8E /* EncryptorAES.m */,
				EEA608681BC95A00007CBB8E /* NSData+Base64.h */,
				EEA608691BC95A00007CBB8E /* NSData+Base64.m */,
				EEA6085D1BC8FEEE007CBB8E /* CKHTableViewCell.h */,
				EEA6085E1BC8FEEE007CBB8E /* CKHTableViewCell.m */,
				EEA6085F1BC8FEEE007CBB8E /* KVCModel.h */,
				EEA608601BC8FEEE007CBB8E /* KVCModel.m */,
				EEA608611BC8FEEE007CBB8E /* TableViewBindHelper.h */,
				EEA608621BC8FEEE007CBB8E /* TableViewBindHelper.m */,
			);
			path = DataBind;
			sourceTree = "<group>";
		};
/* End PBXGroup section */

/* Begin PBXNativeTarget section */
		EE08F2041BC545CC00869383 /* DataBindTestUITests */ = {
			isa = PBXNativeTarget;
			buildConfigurationList = EE08F20E1BC545CC00869383 /* Build configuration list for PBXNativeTarget "DataBindTestUITests" */;
			buildPhases = (
				EE08F2011BC545CC00869383 /* Sources */,
				EE08F2021BC545CC00869383 /* Frameworks */,
				EE08F2031BC545CC00869383 /* Resources */,
			);
			buildRules = (
			);
			dependencies = (
				EE08F20B1BC545CC00869383 /* PBXTargetDependency */,
			);
			name = DataBindTestUITests;
			productName = DataBindTestUITests;
			productReference = EE08F2051BC545CC00869383 /* DataBindTestUITests.xctest */;
			productType = "com.apple.product-type.bundle.ui-testing";
		};
		EE4AFD241B9210EC007F61D5 /* DataBindTest */ = {
			isa = PBXNativeTarget;
			buildConfigurationList = EE4AFD481B9210EC007F61D5 /* Build configuration list for PBXNativeTarget "DataBindTest" */;
			buildPhases = (
				033563650E0DC406319E6AE5 /* Check Pods Manifest.lock */,
				EE4AFD211B9210EC007F61D5 /* Sources */,
				EE4AFD221B9210EC007F61D5 /* Frameworks */,
				EE4AFD231B9210EC007F61D5 /* Resources */,
				0D7A255F947433D77E9D7AFA /* Embed Pods Frameworks */,
				B6BBCAC2987A3F51CD91CB22 /* Copy Pods Resources */,
			);
			buildRules = (
			);
			dependencies = (
			);
			name = DataBindTest;
			productName = DataBindTest;
			productReference = EE4AFD251B9210EC007F61D5 /* DataBindTest.app */;
			productType = "com.apple.product-type.application";
		};
		EE4AFD3D1B9210EC007F61D5 /* DataBindTestTests */ = {
			isa = PBXNativeTarget;
			buildConfigurationList = EE4AFD4B1B9210EC007F61D5 /* Build configuration list for PBXNativeTarget "DataBindTestTests" */;
			buildPhases = (
				EE4AFD3A1B9210EC007F61D5 /* Sources */,
				EE4AFD3B1B9210EC007F61D5 /* Frameworks */,
				EE4AFD3C1B9210EC007F61D5 /* Resources */,
			);
			buildRules = (
			);
			dependencies = (
				EE4AFD401B9210EC007F61D5 /* PBXTargetDependency */,
			);
			name = DataBindTestTests;
			productName = DataBindTestTests;
			productReference = EE4AFD3E1B9210EC007F61D5 /* DataBindTestTests.xctest */;
			productType = "com.apple.product-type.bundle.unit-test";
		};
/* End PBXNativeTarget section */

/* Begin PBXProject section */
		EE4AFD1D1B9210EC007F61D5 /* Project object */ = {
			isa = PBXProject;
			attributes = {
				LastUpgradeCheck = 0630;
				ORGANIZATIONNAME = GevinChen;
				TargetAttributes = {
					EE08F2041BC545CC00869383 = {
						CreatedOnToolsVersion = 7.0.1;
						TestTargetID = EE4AFD241B9210EC007F61D5;
					};
					EE4AFD241B9210EC007F61D5 = {
						CreatedOnToolsVersion = 6.3.2;
					};
					EE4AFD3D1B9210EC007F61D5 = {
						CreatedOnToolsVersion = 6.3.2;
						TestTargetID = EE4AFD241B9210EC007F61D5;
					};
				};
			};
			buildConfigurationList = EE4AFD201B9210EC007F61D5 /* Build configuration list for PBXProject "DataBindTest" */;
			compatibilityVersion = "Xcode 3.2";
			developmentRegion = English;
			hasScannedForEncodings = 0;
			knownRegions = (
				en,
				Base,
			);
			mainGroup = EE4AFD1C1B9210EC007F61D5;
			productRefGroup = EE4AFD261B9210EC007F61D5 /* Products */;
			projectDirPath = "";
			projectRoot = "";
			targets = (
				EE4AFD241B9210EC007F61D5 /* DataBindTest */,
				EE4AFD3D1B9210EC007F61D5 /* DataBindTestTests */,
				EE08F2041BC545CC00869383 /* DataBindTestUITests */,
			);
		};
/* End PBXProject section */

/* Begin PBXResourcesBuildPhase section */
		EE08F2031BC545CC00869383 /* Resources */ = {
			isa = PBXResourcesBuildPhase;
			buildActionMask = 2147483647;
			files = (
			);
			runOnlyForDeploymentPostprocessing = 0;
		};
		EE4AFD231B9210EC007F61D5 /* Resources */ = {
			isa = PBXResourcesBuildPhase;
			buildActionMask = 2147483647;
			files = (
				EE4AFD341B9210EC007F61D5 /* Main.storyboard in Resources */,
				EEC27E961BB2FC1300EC44E8 /* MyCell.xib in Resources */,
				EE4AFD391B9210EC007F61D5 /* LaunchScreen.xib in Resources */,
				EED7F9FD1BC8153200040DB5 /* UserInfoCell.xib in Resources */,
				EE4AFD361B9210EC007F61D5 /* Images.xcassets in Resources */,
			);
			runOnlyForDeploymentPostprocessing = 0;
		};
		EE4AFD3C1B9210EC007F61D5 /* Resources */ = {
			isa = PBXResourcesBuildPhase;
			buildActionMask = 2147483647;
			files = (
			);
			runOnlyForDeploymentPostprocessing = 0;
		};
/* End PBXResourcesBuildPhase section */

/* Begin PBXShellScriptBuildPhase section */
		033563650E0DC406319E6AE5 /* Check Pods Manifest.lock */ = {
			isa = PBXShellScriptBuildPhase;
			buildActionMask = 2147483647;
			files = (
			);
			inputPaths = (
			);
			name = "Check Pods Manifest.lock";
			outputPaths = (
			);
			runOnlyForDeploymentPostprocessing = 0;
			shellPath = /bin/sh;
			shellScript = "diff \"${PODS_ROOT}/../Podfile.lock\" \"${PODS_ROOT}/Manifest.lock\" > /dev/null\nif [[ $? != 0 ]] ; then\n    cat << EOM\nerror: The sandbox is not in sync with the Podfile.lock. Run 'pod install' or update your CocoaPods installation.\nEOM\n    exit 1\nfi\n";
			showEnvVarsInLog = 0;
		};
		0D7A255F947433D77E9D7AFA /* Embed Pods Frameworks */ = {
			isa = PBXShellScriptBuildPhase;
			buildActionMask = 2147483647;
			files = (
			);
			inputPaths = (
			);
			name = "Embed Pods Frameworks";
			outputPaths = (
			);
			runOnlyForDeploymentPostprocessing = 0;
			shellPath = /bin/sh;
			shellScript = "\"${SRCROOT}/Pods/Target Support Files/Pods/Pods-frameworks.sh\"\n";
			showEnvVarsInLog = 0;
		};
		B6BBCAC2987A3F51CD91CB22 /* Copy Pods Resources */ = {
			isa = PBXShellScriptBuildPhase;
			buildActionMask = 2147483647;
			files = (
			);
			inputPaths = (
			);
			name = "Copy Pods Resources";
			outputPaths = (
			);
			runOnlyForDeploymentPostprocessing = 0;
			shellPath = /bin/sh;
			shellScript = "\"${SRCROOT}/Pods/Target Support Files/Pods/Pods-resources.sh\"\n";
			showEnvVarsInLog = 0;
		};
/* End PBXShellScriptBuildPhase section */

/* Begin PBXSourcesBuildPhase section */
		EE08F2011BC545CC00869383 /* Sources */ = {
			isa = PBXSourcesBuildPhase;
			buildActionMask = 2147483647;
			files = (
				EE08F2081BC545CC00869383 /* DataBindTestUITests.m in Sources */,
			);
			runOnlyForDeploymentPostprocessing = 0;
		};
		EE4AFD211B9210EC007F61D5 /* Sources */ = {
			isa = PBXSourcesBuildPhase;
			buildActionMask = 2147483647;
			files = (
				EEA608641BC8FEEE007CBB8E /* KVCModel.m in Sources */,
				EE6FA5EE1BC0D8490047DE8A /* CKHAsyncTask.m in Sources */,
				EEA6086B1BC95A00007CBB8E /* NSData+Base64.m in Sources */,
				EED7F9FC1BC8153200040DB5 /* UserInfoCell.m in Sources */,
				EE4AFD311B9210EC007F61D5 /* ViewController.m in Sources */,
				EE4AFD2E1B9210EC007F61D5 /* AppDelegate.m in Sources */,
				EED7F9F61BC8134000040DB5 /* UserModel.m in Sources */,
				EEA608651BC8FEEE007CBB8E /* TableViewBindHelper.m in Sources */,
				EE4AFD2B1B9210EC007F61D5 /* main.m in Sources */,
				EEA6086A1BC95A00007CBB8E /* EncryptorAES.m in Sources */,
				EEA608631BC8FEEE007CBB8E /* CKHTableViewCell.m in Sources */,
				EE940A011BB64A0600EB772D /* MyCell.m in Sources */,
				EE6FA5EF1BC0D8490047DE8A /* CKHTask.m in Sources */,
				EEA608121BC8C605007CBB8E /* MyAPISerializer.m in Sources */,
				EE6FA5F21BC0DF690047DE8A /* APIOperation.m in Sources */,
			);
			runOnlyForDeploymentPostprocessing = 0;
		};
		EE4AFD3A1B9210EC007F61D5 /* Sources */ = {
			isa = PBXSourcesBuildPhase;
			buildActionMask = 2147483647;
			files = (
				EE4AFD451B9210EC007F61D5 /* DataBindTestTests.m in Sources */,
			);
			runOnlyForDeploymentPostprocessing = 0;
		};
/* End PBXSourcesBuildPhase section */

/* Begin PBXTargetDependency section */
		EE08F20B1BC545CC00869383 /* PBXTargetDependency */ = {
			isa = PBXTargetDependency;
			target = EE4AFD241B9210EC007F61D5 /* DataBindTest */;
			targetProxy = EE08F20A1BC545CC00869383 /* PBXContainerItemProxy */;
		};
		EE4AFD401B9210EC007F61D5 /* PBXTargetDependency */ = {
			isa = PBXTargetDependency;
			target = EE4AFD241B9210EC007F61D5 /* DataBindTest */;
			targetProxy = EE4AFD3F1B9210EC007F61D5 /* PBXContainerItemProxy */;
		};
/* End PBXTargetDependency section */

/* Begin PBXVariantGroup section */
		EE4AFD321B9210EC007F61D5 /* Main.storyboard */ = {
			isa = PBXVariantGroup;
			children = (
				EE4AFD331B9210EC007F61D5 /* Base */,
			);
			name = Main.storyboard;
			sourceTree = "<group>";
		};
		EE4AFD371B9210EC007F61D5 /* LaunchScreen.xib */ = {
			isa = PBXVariantGroup;
			children = (
				EE4AFD381B9210EC007F61D5 /* Base */,
			);
			name = LaunchScreen.xib;
			sourceTree = "<group>";
		};
/* End PBXVariantGroup section */

/* Begin XCBuildConfiguration section */
		EE08F20C1BC545CC00869383 /* Debug */ = {
			isa = XCBuildConfiguration;
			buildSettings = {
				DEBUG_INFORMATION_FORMAT = dwarf;
				ENABLE_TESTABILITY = YES;
				INFOPLIST_FILE = DataBindTestUITests/Info.plist;
				IPHONEOS_DEPLOYMENT_TARGET = 9.0;
				LD_RUNPATH_SEARCH_PATHS = "$(inherited) @executable_path/Frameworks @loader_path/Frameworks";
				PRODUCT_BUNDLE_IDENTIFIER = com.mrbone.DataBindTestUITests;
				PRODUCT_NAME = "$(TARGET_NAME)";
				TEST_TARGET_NAME = DataBindTest;
				USES_XCTRUNNER = YES;
			};
			name = Debug;
		};
		EE08F20D1BC545CC00869383 /* Release */ = {
			isa = XCBuildConfiguration;
			buildSettings = {
				INFOPLIST_FILE = DataBindTestUITests/Info.plist;
				IPHONEOS_DEPLOYMENT_TARGET = 9.0;
				LD_RUNPATH_SEARCH_PATHS = "$(inherited) @executable_path/Frameworks @loader_path/Frameworks";
				PRODUCT_BUNDLE_IDENTIFIER = com.mrbone.DataBindTestUITests;
				PRODUCT_NAME = "$(TARGET_NAME)";
				TEST_TARGET_NAME = DataBindTest;
				USES_XCTRUNNER = YES;
			};
			name = Release;
		};
		EE4AFD461B9210EC007F61D5 /* Debug */ = {
			isa = XCBuildConfiguration;
			buildSettings = {
				ALWAYS_SEARCH_USER_PATHS = NO;
				CLANG_CXX_LANGUAGE_STANDARD = "gnu++0x";
				CLANG_CXX_LIBRARY = "libc++";
				CLANG_ENABLE_MODULES = YES;
				CLANG_ENABLE_OBJC_ARC = YES;
				CLANG_WARN_BOOL_CONVERSION = YES;
				CLANG_WARN_CONSTANT_CONVERSION = YES;
				CLANG_WARN_DIRECT_OBJC_ISA_USAGE = YES_ERROR;
				CLANG_WARN_EMPTY_BODY = YES;
				CLANG_WARN_ENUM_CONVERSION = YES;
				CLANG_WARN_INT_CONVERSION = YES;
				CLANG_WARN_OBJC_ROOT_CLASS = YES_ERROR;
				CLANG_WARN_UNREACHABLE_CODE = YES;
				CLANG_WARN__DUPLICATE_METHOD_MATCH = YES;
				"CODE_SIGN_IDENTITY[sdk=iphoneos*]" = "iPhone Developer";
				COPY_PHASE_STRIP = NO;
				DEBUG_INFORMATION_FORMAT = "dwarf-with-dsym";
				ENABLE_STRICT_OBJC_MSGSEND = YES;
				GCC_C_LANGUAGE_STANDARD = gnu99;
				GCC_DYNAMIC_NO_PIC = NO;
				GCC_NO_COMMON_BLOCKS = YES;
				GCC_OPTIMIZATION_LEVEL = 0;
				GCC_PREPROCESSOR_DEFINITIONS = (
					"DEBUG=1",
					"$(inherited)",
				);
				GCC_SYMBOLS_PRIVATE_EXTERN = NO;
				GCC_WARN_64_TO_32_BIT_CONVERSION = YES;
				GCC_WARN_ABOUT_RETURN_TYPE = YES_ERROR;
				GCC_WARN_UNDECLARED_SELECTOR = YES;
				GCC_WARN_UNINITIALIZED_AUTOS = YES_AGGRESSIVE;
				GCC_WARN_UNUSED_FUNCTION = YES;
				GCC_WARN_UNUSED_VARIABLE = YES;
				IPHONEOS_DEPLOYMENT_TARGET = 8.3;
				MTL_ENABLE_DEBUG_INFO = YES;
				ONLY_ACTIVE_ARCH = YES;
				SDKROOT = iphoneos;
				TARGETED_DEVICE_FAMILY = "1,2";
			};
			name = Debug;
		};
		EE4AFD471B9210EC007F61D5 /* Release */ = {
			isa = XCBuildConfiguration;
			buildSettings = {
				ALWAYS_SEARCH_USER_PATHS = NO;
				CLANG_CXX_LANGUAGE_STANDARD = "gnu++0x";
				CLANG_CXX_LIBRARY = "libc++";
				CLANG_ENABLE_MODULES = YES;
				CLANG_ENABLE_OBJC_ARC = YES;
				CLANG_WARN_BOOL_CONVERSION = YES;
				CLANG_WARN_CONSTANT_CONVERSION = YES;
				CLANG_WARN_DIRECT_OBJC_ISA_USAGE = YES_ERROR;
				CLANG_WARN_EMPTY_BODY = YES;
				CLANG_WARN_ENUM_CONVERSION = YES;
				CLANG_WARN_INT_CONVERSION = YES;
				CLANG_WARN_OBJC_ROOT_CLASS = YES_ERROR;
				CLANG_WARN_UNREACHABLE_CODE = YES;
				CLANG_WARN__DUPLICATE_METHOD_MATCH = YES;
				"CODE_SIGN_IDENTITY[sdk=iphoneos*]" = "iPhone Developer";
				COPY_PHASE_STRIP = NO;
				DEBUG_INFORMATION_FORMAT = "dwarf-with-dsym";
				ENABLE_NS_ASSERTIONS = NO;
				ENABLE_STRICT_OBJC_MSGSEND = YES;
				GCC_C_LANGUAGE_STANDARD = gnu99;
				GCC_NO_COMMON_BLOCKS = YES;
				GCC_WARN_64_TO_32_BIT_CONVERSION = YES;
				GCC_WARN_ABOUT_RETURN_TYPE = YES_ERROR;
				GCC_WARN_UNDECLARED_SELECTOR = YES;
				GCC_WARN_UNINITIALIZED_AUTOS = YES_AGGRESSIVE;
				GCC_WARN_UNUSED_FUNCTION = YES;
				GCC_WARN_UNUSED_VARIABLE = YES;
				IPHONEOS_DEPLOYMENT_TARGET = 8.3;
				MTL_ENABLE_DEBUG_INFO = NO;
				SDKROOT = iphoneos;
				TARGETED_DEVICE_FAMILY = "1,2";
				VALIDATE_PRODUCT = YES;
			};
			name = Release;
		};
		EE4AFD491B9210EC007F61D5 /* Debug */ = {
			isa = XCBuildConfiguration;
			baseConfigurationReference = 484EB51903E9F5D59D83F901 /* Pods.debug.xcconfig */;
			buildSettings = {
				ASSETCATALOG_COMPILER_APPICON_NAME = AppIcon;
				INFOPLIST_FILE = DataBindTest/Info.plist;
				IPHONEOS_DEPLOYMENT_TARGET = 8.3;
				LD_RUNPATH_SEARCH_PATHS = "$(inherited) @executable_path/Frameworks";
				PRODUCT_NAME = "$(TARGET_NAME)";
			};
			name = Debug;
		};
		EE4AFD4A1B9210EC007F61D5 /* Release */ = {
			isa = XCBuildConfiguration;
			baseConfigurationReference = 79C04C2798DF901AAC67F06C /* Pods.release.xcconfig */;
			buildSettings = {
				ASSETCATALOG_COMPILER_APPICON_NAME = AppIcon;
				INFOPLIST_FILE = DataBindTest/Info.plist;
				IPHONEOS_DEPLOYMENT_TARGET = 8.3;
				LD_RUNPATH_SEARCH_PATHS = "$(inherited) @executable_path/Frameworks";
				PRODUCT_NAME = "$(TARGET_NAME)";
			};
			name = Release;
		};
		EE4AFD4C1B9210EC007F61D5 /* Debug */ = {
			isa = XCBuildConfiguration;
			buildSettings = {
				BUNDLE_LOADER = "$(TEST_HOST)";
				FRAMEWORK_SEARCH_PATHS = (
					"$(SDKROOT)/Developer/Library/Frameworks",
					"$(inherited)",
				);
				GCC_PREPROCESSOR_DEFINITIONS = (
					"DEBUG=1",
					"$(inherited)",
				);
				INFOPLIST_FILE = DataBindTestTests/Info.plist;
				LD_RUNPATH_SEARCH_PATHS = "$(inherited) @executable_path/Frameworks @loader_path/Frameworks";
				PRODUCT_NAME = "$(TARGET_NAME)";
				TEST_HOST = "$(BUILT_PRODUCTS_DIR)/DataBindTest.app/DataBindTest";
			};
			name = Debug;
		};
		EE4AFD4D1B9210EC007F61D5 /* Release */ = {
			isa = XCBuildConfiguration;
			buildSettings = {
				BUNDLE_LOADER = "$(TEST_HOST)";
				FRAMEWORK_SEARCH_PATHS = (
					"$(SDKROOT)/Developer/Library/Frameworks",
					"$(inherited)",
				);
				INFOPLIST_FILE = DataBindTestTests/Info.plist;
				LD_RUNPATH_SEARCH_PATHS = "$(inherited) @executable_path/Frameworks @loader_path/Frameworks";
				PRODUCT_NAME = "$(TARGET_NAME)";
				TEST_HOST = "$(BUILT_PRODUCTS_DIR)/DataBindTest.app/DataBindTest";
			};
			name = Release;
		};
/* End XCBuildConfiguration section */

/* Begin XCConfigurationList section */
		EE08F20E1BC545CC00869383 /* Build configuration list for PBXNativeTarget "DataBindTestUITests" */ = {
			isa = XCConfigurationList;
			buildConfigurations = (
				EE08F20C1BC545CC00869383 /* Debug */,
				EE08F20D1BC545CC00869383 /* Release */,
			);
			defaultConfigurationIsVisible = 0;
			defaultConfigurationName = Release;
		};
		EE4AFD201B9210EC007F61D5 /* Build configuration list for PBXProject "DataBindTest" */ = {
			isa = XCConfigurationList;
			buildConfigurations = (
				EE4AFD461B9210EC007F61D5 /* Debug */,
				EE4AFD471B9210EC007F61D5 /* Release */,
			);
			defaultConfigurationIsVisible = 0;
			defaultConfigurationName = Release;
		};
		EE4AFD481B9210EC007F61D5 /* Build configuration list for PBXNativeTarget "DataBindTest" */ = {
			isa = XCConfigurationList;
			buildConfigurations = (
				EE4AFD491B9210EC007F61D5 /* Debug */,
				EE4AFD4A1B9210EC007F61D5 /* Release */,
			);
			defaultConfigurationIsVisible = 0;
			defaultConfigurationName = Release;
		};
		EE4AFD4B1B9210EC007F61D5 /* Build configuration list for PBXNativeTarget "DataBindTestTests" */ = {
			isa = XCConfigurationList;
			buildConfigurations = (
				EE4AFD4C1B9210EC007F61D5 /* Debug */,
				EE4AFD4D1B9210EC007F61D5 /* Release */,
			);
			defaultConfigurationIsVisible = 0;
			defaultConfigurationName = Release;
		};
/* End XCConfigurationList section */
	};
	rootObject = EE4AFD1D1B9210EC007F61D5 /* Project object */;
}
