// !$*UTF8*$!
{
	archiveVersion = 1;
	classes = {
	};
	objectVersion = 46;
	objects = {

/* Begin PBXBuildFile section */
		91819A003E7FBADFDDA5913F /* libPods.a in Frameworks */ = {isa = PBXBuildFile; fileRef = FAA060C11A05A77D3E6397B0 /* libPods.a */; };
		97D3AE2E1E4B294D00125F1E /* TableViewDemoController.m in Sources */ = {isa = PBXBuildFile; fileRef = 97D3AE2C1E4B294D00125F1E /* TableViewDemoController.m */; };
		97D3AE2F1E4B294D00125F1E /* TableViewDemoController.xib in Resources */ = {isa = PBXBuildFile; fileRef = 97D3AE2D1E4B294D00125F1E /* TableViewDemoController.xib */; };
		97D3AE331E4C055000125F1E /* AutoPaginatingTableViewDemoController.m in Sources */ = {isa = PBXBuildFile; fileRef = 97D3AE311E4C055000125F1E /* AutoPaginatingTableViewDemoController.m */; };
		97D3AE341E4C055000125F1E /* AutoPaginatingTableViewDemoController.xib in Resources */ = {isa = PBXBuildFile; fileRef = 97D3AE321E4C055000125F1E /* AutoPaginatingTableViewDemoController.xib */; };
		97D3AE381E4C056100125F1E /* AutoPaginatingCollectionViewDemoViewController.m in Sources */ = {isa = PBXBuildFile; fileRef = 97D3AE361E4C056100125F1E /* AutoPaginatingCollectionViewDemoViewController.m */; };
		97D3AE391E4C056100125F1E /* AutoPaginatingCollectionViewDemoViewController.xib in Resources */ = {isa = PBXBuildFile; fileRef = 97D3AE371E4C056100125F1E /* AutoPaginatingCollectionViewDemoViewController.xib */; };
		A029E32F2AF2C336A2F05F52 /* libPods-KHDataBindingDemo.a in Frameworks */ = {isa = PBXBuildFile; fileRef = EA3226B05A4489AEE5B6181A /* libPods-KHDataBindingDemo.a */; };
		BFFAA732702E476825DFA77F /* libPods-KHDataBindDemoTests.a in Frameworks */ = {isa = PBXBuildFile; fileRef = AF824425B87FA5BC8C993C1B /* libPods-KHDataBindDemoTests.a */; };
		EE02D2E41E515F4B00CE4429 /* ShowArrayDataCell.m in Sources */ = {isa = PBXBuildFile; fileRef = EE02D2E21E515F4B00CE4429 /* ShowArrayDataCell.m */; };
		EE02D2E51E515F4B00CE4429 /* ShowArrayDataCell.xib in Resources */ = {isa = PBXBuildFile; fileRef = EE02D2E31E515F4B00CE4429 /* ShowArrayDataCell.xib */; };
		EE02D2E91E51623400CE4429 /* ShowDictDataCell.m in Sources */ = {isa = PBXBuildFile; fileRef = EE02D2E71E51623400CE4429 /* ShowDictDataCell.m */; };
		EE02D2EA1E51623400CE4429 /* ShowDictDataCell.xib in Resources */ = {isa = PBXBuildFile; fileRef = EE02D2E81E51623400CE4429 /* ShowDictDataCell.xib */; };
		EE02D2EE1E51636300CE4429 /* ShowDictData2Cell.m in Sources */ = {isa = PBXBuildFile; fileRef = EE02D2EC1E51636300CE4429 /* ShowDictData2Cell.m */; };
		EE02D2EF1E51636300CE4429 /* ShowDictData2Cell.xib in Resources */ = {isa = PBXBuildFile; fileRef = EE02D2ED1E51636300CE4429 /* ShowDictData2Cell.xib */; };
		EE2752A81D644BBE00082C98 /* AppDelegate.m in Sources */ = {isa = PBXBuildFile; fileRef = EE27528B1D644BBE00082C98 /* AppDelegate.m */; };
		EE2752A91D644BBE00082C98 /* LaunchScreen.xib in Resources */ = {isa = PBXBuildFile; fileRef = EE27528C1D644BBE00082C98 /* LaunchScreen.xib */; };
		EE2752AA1D644BBE00082C98 /* Main.storyboard in Resources */ = {isa = PBXBuildFile; fileRef = EE27528E1D644BBE00082C98 /* Main.storyboard */; };
		EE2752AB1D644BBE00082C98 /* CollectionDemoController.m in Sources */ = {isa = PBXBuildFile; fileRef = EE2752911D644BBE00082C98 /* CollectionDemoController.m */; };
		EE2752AC1D644BBE00082C98 /* CollectionDemoController.xib in Resources */ = {isa = PBXBuildFile; fileRef = EE2752921D644BBE00082C98 /* CollectionDemoController.xib */; };
		EE2752AD1D644BBE00082C98 /* Images.xcassets in Resources */ = {isa = PBXBuildFile; fileRef = EE2752931D644BBE00082C98 /* Images.xcassets */; };
		EE2752AF1D644BBE00082C98 /* main.m in Sources */ = {isa = PBXBuildFile; fileRef = EE2752951D644BBE00082C98 /* main.m */; };
		EE2752B01D644BBE00082C98 /* MyColHeaderView.m in Sources */ = {isa = PBXBuildFile; fileRef = EE2752971D644BBE00082C98 /* MyColHeaderView.m */; };
		EE2752B11D644BBE00082C98 /* MyColHeaderView.xib in Resources */ = {isa = PBXBuildFile; fileRef = EE2752981D644BBE00082C98 /* MyColHeaderView.xib */; };
		EE2752B21D644BBE00082C98 /* MyTableHeaderView.m in Sources */ = {isa = PBXBuildFile; fileRef = EE27529A1D644BBE00082C98 /* MyTableHeaderView.m */; };
		EE2752B31D644BBE00082C98 /* MyTableHeaderView.xib in Resources */ = {isa = PBXBuildFile; fileRef = EE27529B1D644BBE00082C98 /* MyTableHeaderView.xib */; };
		EE2752B51D644BBE00082C98 /* UserInfoCell.m in Sources */ = {isa = PBXBuildFile; fileRef = EE27529F1D644BBE00082C98 /* UserInfoCell.m */; };
		EE2752B61D644BBE00082C98 /* UserInfoCell.xib in Resources */ = {isa = PBXBuildFile; fileRef = EE2752A01D644BBE00082C98 /* UserInfoCell.xib */; };
		EE2752B71D644BBE00082C98 /* UserInfoColCell.m in Sources */ = {isa = PBXBuildFile; fileRef = EE2752A21D644BBE00082C98 /* UserInfoColCell.m */; };
		EE2752B81D644BBE00082C98 /* UserInfoColCell.xib in Resources */ = {isa = PBXBuildFile; fileRef = EE2752A31D644BBE00082C98 /* UserInfoColCell.xib */; };
		EE2752B91D644BBE00082C98 /* UserModel.m in Sources */ = {isa = PBXBuildFile; fileRef = EE2752A51D644BBE00082C98 /* UserModel.m */; };
		EE2752BA1D644BBE00082C98 /* ViewController.m in Sources */ = {isa = PBXBuildFile; fileRef = EE2752A71D644BBE00082C98 /* ViewController.m */; };
		EE2752C61D644BE800082C98 /* KHCell.m in Sources */ = {isa = PBXBuildFile; fileRef = EE2752BD1D644BE800082C98 /* KHCell.m */; };
		EE2752C81D644BE800082C98 /* KHImageDownloader.m in Sources */ = {isa = PBXBuildFile; fileRef = EE2752C11D644BE800082C98 /* KHImageDownloader.m */; };
		EE2752C91D644BE800082C98 /* KVCModel.m in Sources */ = {isa = PBXBuildFile; fileRef = EE2752C31D644BE800082C98 /* KVCModel.m */; };
		EE2752CA1D644BE800082C98 /* NSMutableArray+KHSwizzle.m in Sources */ = {isa = PBXBuildFile; fileRef = EE2752C51D644BE800082C98 /* NSMutableArray+KHSwizzle.m */; };
		EE3DCDC51C19DD7B00363397 /* NSMutableArraySwizzlingTest.m in Sources */ = {isa = PBXBuildFile; fileRef = EE3DCDC41C19DD7B00363397 /* NSMutableArraySwizzlingTest.m */; };
		EE4BD27D1C1DCB73005A77F6 /* CoreData.framework in Frameworks */ = {isa = PBXBuildFile; fileRef = EE4BD27C1C1DCB73005A77F6 /* CoreData.framework */; };
		EE4F5F051E6DB997004541C3 /* CollectionViewAutoExpandHeightDemoController.m in Sources */ = {isa = PBXBuildFile; fileRef = EE4F5F031E6DB997004541C3 /* CollectionViewAutoExpandHeightDemoController.m */; };
		EE4F5F061E6DB997004541C3 /* CollectionViewAutoExpandHeightDemoController.xib in Resources */ = {isa = PBXBuildFile; fileRef = EE4F5F041E6DB997004541C3 /* CollectionViewAutoExpandHeightDemoController.xib */; };
		EE4F5F091E6EFEA4004541C3 /* KHTableView.m in Sources */ = {isa = PBXBuildFile; fileRef = EE4F5F081E6EFEA4004541C3 /* KHTableView.m */; };
		EE5258C01E750612003AC544 /* NonReuseHeaderView.m in Sources */ = {isa = PBXBuildFile; fileRef = EE5258BF1E750612003AC544 /* NonReuseHeaderView.m */; };
		EE5258C21E750620003AC544 /* NonReuseHeaderView.xib in Resources */ = {isa = PBXBuildFile; fileRef = EE5258C11E750620003AC544 /* NonReuseHeaderView.xib */; };
		EE5258C61E750B4C003AC544 /* MyColCell.m in Sources */ = {isa = PBXBuildFile; fileRef = EE5258C41E750B4C003AC544 /* MyColCell.m */; };
		EE5258C71E750B4C003AC544 /* MyColCell.xib in Resources */ = {isa = PBXBuildFile; fileRef = EE5258C51E750B4C003AC544 /* MyColCell.xib */; };
		EE9F9A1A1E68587800DAF0B5 /* KHCollectionView.m in Sources */ = {isa = PBXBuildFile; fileRef = EE9F9A191E68587800DAF0B5 /* KHCollectionView.m */; };
		EEED66311BCFA7CC002E7665 /* KHDataBindDemoTests.m in Sources */ = {isa = PBXBuildFile; fileRef = EEED66301BCFA7CC002E7665 /* KHDataBindDemoTests.m */; };
		EEED664F1BCFA87B002E7665 /* APIOperation.m in Sources */ = {isa = PBXBuildFile; fileRef = EEED66431BCFA87B002E7665 /* APIOperation.m */; };
		EEED66501BCFA87B002E7665 /* Base64Utility.m in Sources */ = {isa = PBXBuildFile; fileRef = EEED66451BCFA87B002E7665 /* Base64Utility.m */; };
/* End PBXBuildFile section */

/* Begin PBXContainerItemProxy section */
		EEED662B1BCFA7CC002E7665 /* PBXContainerItemProxy */ = {
			isa = PBXContainerItemProxy;
			containerPortal = EEED66091BCFA7CC002E7665 /* Project object */;
			proxyType = 1;
			remoteGlobalIDString = EEED66101BCFA7CC002E7665;
			remoteInfo = KHDataBindDemo;
		};
/* End PBXContainerItemProxy section */

/* Begin PBXFileReference section */
		19244B02DBCD46B887077A5F /* Pods.debug.xcconfig */ = {isa = PBXFileReference; includeInIndex = 1; lastKnownFileType = text.xcconfig; name = Pods.debug.xcconfig; path = "../../Pods/Target Support Files/Pods/Pods.debug.xcconfig"; sourceTree = "<group>"; };
		1B34CB95D9BF461C455A6F86 /* Pods.release.xcconfig */ = {isa = PBXFileReference; includeInIndex = 1; lastKnownFileType = text.xcconfig; name = Pods.release.xcconfig; path = "../../Pods/Target Support Files/Pods/Pods.release.xcconfig"; sourceTree = "<group>"; };
		8E0848A9B28A808DB1806E80 /* Pods-KHDataBindingDemo.release.xcconfig */ = {isa = PBXFileReference; includeInIndex = 1; lastKnownFileType = text.xcconfig; name = "Pods-KHDataBindingDemo.release.xcconfig"; path = "../../Pods/Target Support Files/Pods-KHDataBindingDemo/Pods-KHDataBindingDemo.release.xcconfig"; sourceTree = "<group>"; };
		97D3AE2B1E4B294D00125F1E /* TableViewDemoController.h */ = {isa = PBXFileReference; fileEncoding = 4; lastKnownFileType = sourcecode.c.h; path = TableViewDemoController.h; sourceTree = "<group>"; };
		97D3AE2C1E4B294D00125F1E /* TableViewDemoController.m */ = {isa = PBXFileReference; fileEncoding = 4; lastKnownFileType = sourcecode.c.objc; path = TableViewDemoController.m; sourceTree = "<group>"; };
		97D3AE2D1E4B294D00125F1E /* TableViewDemoController.xib */ = {isa = PBXFileReference; fileEncoding = 4; lastKnownFileType = file.xib; path = TableViewDemoController.xib; sourceTree = "<group>"; };
		97D3AE301E4C055000125F1E /* AutoPaginatingTableViewDemoController.h */ = {isa = PBXFileReference; fileEncoding = 4; lastKnownFileType = sourcecode.c.h; path = AutoPaginatingTableViewDemoController.h; sourceTree = "<group>"; };
		97D3AE311E4C055000125F1E /* AutoPaginatingTableViewDemoController.m */ = {isa = PBXFileReference; fileEncoding = 4; lastKnownFileType = sourcecode.c.objc; path = AutoPaginatingTableViewDemoController.m; sourceTree = "<group>"; };
		97D3AE321E4C055000125F1E /* AutoPaginatingTableViewDemoController.xib */ = {isa = PBXFileReference; fileEncoding = 4; lastKnownFileType = file.xib; path = AutoPaginatingTableViewDemoController.xib; sourceTree = "<group>"; };
		97D3AE351E4C056100125F1E /* AutoPaginatingCollectionViewDemoViewController.h */ = {isa = PBXFileReference; fileEncoding = 4; lastKnownFileType = sourcecode.c.h; path = AutoPaginatingCollectionViewDemoViewController.h; sourceTree = "<group>"; };
		97D3AE361E4C056100125F1E /* AutoPaginatingCollectionViewDemoViewController.m */ = {isa = PBXFileReference; fileEncoding = 4; lastKnownFileType = sourcecode.c.objc; path = AutoPaginatingCollectionViewDemoViewController.m; sourceTree = "<group>"; };
		97D3AE371E4C056100125F1E /* AutoPaginatingCollectionViewDemoViewController.xib */ = {isa = PBXFileReference; fileEncoding = 4; lastKnownFileType = file.xib; path = AutoPaginatingCollectionViewDemoViewController.xib; sourceTree = "<group>"; };
		AF824425B87FA5BC8C993C1B /* libPods-KHDataBindDemoTests.a */ = {isa = PBXFileReference; explicitFileType = archive.ar; includeInIndex = 0; path = "libPods-KHDataBindDemoTests.a"; sourceTree = BUILT_PRODUCTS_DIR; };
		D2ED4572CBE1021F8F6C062E /* Pods-KHDataBindDemoTests.debug.xcconfig */ = {isa = PBXFileReference; includeInIndex = 1; lastKnownFileType = text.xcconfig; name = "Pods-KHDataBindDemoTests.debug.xcconfig"; path = "../../Pods/Target Support Files/Pods-KHDataBindDemoTests/Pods-KHDataBindDemoTests.debug.xcconfig"; sourceTree = "<group>"; };
		D7FC716B4E3F78EA09AA782E /* Pods-KHDataBindingDemo.debug.xcconfig */ = {isa = PBXFileReference; includeInIndex = 1; lastKnownFileType = text.xcconfig; name = "Pods-KHDataBindingDemo.debug.xcconfig"; path = "../../Pods/Target Support Files/Pods-KHDataBindingDemo/Pods-KHDataBindingDemo.debug.xcconfig"; sourceTree = "<group>"; };
		EA3226B05A4489AEE5B6181A /* libPods-KHDataBindingDemo.a */ = {isa = PBXFileReference; explicitFileType = archive.ar; includeInIndex = 0; path = "libPods-KHDataBindingDemo.a"; sourceTree = BUILT_PRODUCTS_DIR; };
		EE02D2E11E515F4B00CE4429 /* ShowArrayDataCell.h */ = {isa = PBXFileReference; fileEncoding = 4; lastKnownFileType = sourcecode.c.h; path = ShowArrayDataCell.h; sourceTree = "<group>"; };
		EE02D2E21E515F4B00CE4429 /* ShowArrayDataCell.m */ = {isa = PBXFileReference; fileEncoding = 4; lastKnownFileType = sourcecode.c.objc; path = ShowArrayDataCell.m; sourceTree = "<group>"; };
		EE02D2E31E515F4B00CE4429 /* ShowArrayDataCell.xib */ = {isa = PBXFileReference; fileEncoding = 4; lastKnownFileType = file.xib; path = ShowArrayDataCell.xib; sourceTree = "<group>"; };
		EE02D2E61E51623400CE4429 /* ShowDictDataCell.h */ = {isa = PBXFileReference; fileEncoding = 4; lastKnownFileType = sourcecode.c.h; path = ShowDictDataCell.h; sourceTree = "<group>"; };
		EE02D2E71E51623400CE4429 /* ShowDictDataCell.m */ = {isa = PBXFileReference; fileEncoding = 4; lastKnownFileType = sourcecode.c.objc; path = ShowDictDataCell.m; sourceTree = "<group>"; };
		EE02D2E81E51623400CE4429 /* ShowDictDataCell.xib */ = {isa = PBXFileReference; fileEncoding = 4; lastKnownFileType = file.xib; path = ShowDictDataCell.xib; sourceTree = "<group>"; };
		EE02D2EB1E51636300CE4429 /* ShowDictData2Cell.h */ = {isa = PBXFileReference; fileEncoding = 4; lastKnownFileType = sourcecode.c.h; path = ShowDictData2Cell.h; sourceTree = "<group>"; };
		EE02D2EC1E51636300CE4429 /* ShowDictData2Cell.m */ = {isa = PBXFileReference; fileEncoding = 4; lastKnownFileType = sourcecode.c.objc; path = ShowDictData2Cell.m; sourceTree = "<group>"; };
		EE02D2ED1E51636300CE4429 /* ShowDictData2Cell.xib */ = {isa = PBXFileReference; fileEncoding = 4; lastKnownFileType = file.xib; path = ShowDictData2Cell.xib; sourceTree = "<group>"; };
		EE27528A1D644BBE00082C98 /* AppDelegate.h */ = {isa = PBXFileReference; fileEncoding = 4; lastKnownFileType = sourcecode.c.h; path = AppDelegate.h; sourceTree = "<group>"; };
		EE27528B1D644BBE00082C98 /* AppDelegate.m */ = {isa = PBXFileReference; fileEncoding = 4; lastKnownFileType = sourcecode.c.objc; path = AppDelegate.m; sourceTree = "<group>"; };
		EE27528D1D644BBE00082C98 /* Base */ = {isa = PBXFileReference; lastKnownFileType = file.xib; name = Base; path = Base.lproj/LaunchScreen.xib; sourceTree = "<group>"; };
		EE27528F1D644BBE00082C98 /* Base */ = {isa = PBXFileReference; lastKnownFileType = file.storyboard; name = Base; path = Base.lproj/Main.storyboard; sourceTree = "<group>"; };
		EE2752901D644BBE00082C98 /* CollectionDemoController.h */ = {isa = PBXFileReference; fileEncoding = 4; lastKnownFileType = sourcecode.c.h; path = CollectionDemoController.h; sourceTree = "<group>"; };
		EE2752911D644BBE00082C98 /* CollectionDemoController.m */ = {isa = PBXFileReference; fileEncoding = 4; lastKnownFileType = sourcecode.c.objc; path = CollectionDemoController.m; sourceTree = "<group>"; };
		EE2752921D644BBE00082C98 /* CollectionDemoController.xib */ = {isa = PBXFileReference; fileEncoding = 4; lastKnownFileType = file.xib; path = CollectionDemoController.xib; sourceTree = "<group>"; };
		EE2752931D644BBE00082C98 /* Images.xcassets */ = {isa = PBXFileReference; lastKnownFileType = folder.assetcatalog; path = Images.xcassets; sourceTree = "<group>"; };
		EE2752941D644BBE00082C98 /* Info.plist */ = {isa = PBXFileReference; fileEncoding = 4; lastKnownFileType = text.plist.xml; path = Info.plist; sourceTree = "<group>"; };
		EE2752951D644BBE00082C98 /* main.m */ = {isa = PBXFileReference; fileEncoding = 4; lastKnownFileType = sourcecode.c.objc; path = main.m; sourceTree = "<group>"; };
		EE2752961D644BBE00082C98 /* MyColHeaderView.h */ = {isa = PBXFileReference; fileEncoding = 4; lastKnownFileType = sourcecode.c.h; path = MyColHeaderView.h; sourceTree = "<group>"; };
		EE2752971D644BBE00082C98 /* MyColHeaderView.m */ = {isa = PBXFileReference; fileEncoding = 4; lastKnownFileType = sourcecode.c.objc; path = MyColHeaderView.m; sourceTree = "<group>"; };
		EE2752981D644BBE00082C98 /* MyColHeaderView.xib */ = {isa = PBXFileReference; fileEncoding = 4; lastKnownFileType = file.xib; path = MyColHeaderView.xib; sourceTree = "<group>"; };
		EE2752991D644BBE00082C98 /* MyTableHeaderView.h */ = {isa = PBXFileReference; fileEncoding = 4; lastKnownFileType = sourcecode.c.h; path = MyTableHeaderView.h; sourceTree = "<group>"; };
		EE27529A1D644BBE00082C98 /* MyTableHeaderView.m */ = {isa = PBXFileReference; fileEncoding = 4; lastKnownFileType = sourcecode.c.objc; path = MyTableHeaderView.m; sourceTree = "<group>"; };
		EE27529B1D644BBE00082C98 /* MyTableHeaderView.xib */ = {isa = PBXFileReference; fileEncoding = 4; lastKnownFileType = file.xib; path = MyTableHeaderView.xib; sourceTree = "<group>"; };
		EE27529E1D644BBE00082C98 /* UserInfoCell.h */ = {isa = PBXFileReference; fileEncoding = 4; lastKnownFileType = sourcecode.c.h; path = UserInfoCell.h; sourceTree = "<group>"; };
		EE27529F1D644BBE00082C98 /* UserInfoCell.m */ = {isa = PBXFileReference; fileEncoding = 4; lastKnownFileType = sourcecode.c.objc; path = UserInfoCell.m; sourceTree = "<group>"; };
		EE2752A01D644BBE00082C98 /* UserInfoCell.xib */ = {isa = PBXFileReference; fileEncoding = 4; lastKnownFileType = file.xib; path = UserInfoCell.xib; sourceTree = "<group>"; };
		EE2752A11D644BBE00082C98 /* UserInfoColCell.h */ = {isa = PBXFileReference; fileEncoding = 4; lastKnownFileType = sourcecode.c.h; path = UserInfoColCell.h; sourceTree = "<group>"; };
		EE2752A21D644BBE00082C98 /* UserInfoColCell.m */ = {isa = PBXFileReference; fileEncoding = 4; lastKnownFileType = sourcecode.c.objc; path = UserInfoColCell.m; sourceTree = "<group>"; };
		EE2752A31D644BBE00082C98 /* UserInfoColCell.xib */ = {isa = PBXFileReference; fileEncoding = 4; lastKnownFileType = file.xib; path = UserInfoColCell.xib; sourceTree = "<group>"; };
		EE2752A41D644BBE00082C98 /* UserModel.h */ = {isa = PBXFileReference; fileEncoding = 4; lastKnownFileType = sourcecode.c.h; path = UserModel.h; sourceTree = "<group>"; };
		EE2752A51D644BBE00082C98 /* UserModel.m */ = {isa = PBXFileReference; fileEncoding = 4; lastKnownFileType = sourcecode.c.objc; path = UserModel.m; sourceTree = "<group>"; };
		EE2752A61D644BBE00082C98 /* ViewController.h */ = {isa = PBXFileReference; fileEncoding = 4; lastKnownFileType = sourcecode.c.h; path = ViewController.h; sourceTree = "<group>"; };
		EE2752A71D644BBE00082C98 /* ViewController.m */ = {isa = PBXFileReference; fileEncoding = 4; lastKnownFileType = sourcecode.c.objc; path = ViewController.m; sourceTree = "<group>"; };
		EE2752BC1D644BE800082C98 /* KHCell.h */ = {isa = PBXFileReference; fileEncoding = 4; lastKnownFileType = sourcecode.c.h; path = KHCell.h; sourceTree = "<group>"; };
		EE2752BD1D644BE800082C98 /* KHCell.m */ = {isa = PBXFileReference; fileEncoding = 4; lastKnownFileType = sourcecode.c.objc; path = KHCell.m; sourceTree = "<group>"; };
		EE2752C01D644BE800082C98 /* KHImageDownloader.h */ = {isa = PBXFileReference; fileEncoding = 4; lastKnownFileType = sourcecode.c.h; path = KHImageDownloader.h; sourceTree = "<group>"; };
		EE2752C11D644BE800082C98 /* KHImageDownloader.m */ = {isa = PBXFileReference; fileEncoding = 4; lastKnownFileType = sourcecode.c.objc; path = KHImageDownloader.m; sourceTree = "<group>"; };
		EE2752C21D644BE800082C98 /* KVCModel.h */ = {isa = PBXFileReference; fileEncoding = 4; lastKnownFileType = sourcecode.c.h; path = KVCModel.h; sourceTree = "<group>"; };
		EE2752C31D644BE800082C98 /* KVCModel.m */ = {isa = PBXFileReference; fileEncoding = 4; lastKnownFileType = sourcecode.c.objc; path = KVCModel.m; sourceTree = "<group>"; };
		EE2752C41D644BE800082C98 /* NSMutableArray+KHSwizzle.h */ = {isa = PBXFileReference; fileEncoding = 4; lastKnownFileType = sourcecode.c.h; path = "NSMutableArray+KHSwizzle.h"; sourceTree = "<group>"; };
		EE2752C51D644BE800082C98 /* NSMutableArray+KHSwizzle.m */ = {isa = PBXFileReference; fileEncoding = 4; lastKnownFileType = sourcecode.c.objc; path = "NSMutableArray+KHSwizzle.m"; sourceTree = "<group>"; };
		EE2752CC1D64527A00082C98 /* KHDataBinding.podspec */ = {isa = PBXFileReference; fileEncoding = 4; lastKnownFileType = text; name = KHDataBinding.podspec; path = ../../../KHDataBinding.podspec; sourceTree = "<group>"; };
		EE3DCDC41C19DD7B00363397 /* NSMutableArraySwizzlingTest.m */ = {isa = PBXFileReference; fileEncoding = 4; lastKnownFileType = sourcecode.c.objc; path = NSMutableArraySwizzlingTest.m; sourceTree = "<group>"; };
		EE4BD27C1C1DCB73005A77F6 /* CoreData.framework */ = {isa = PBXFileReference; lastKnownFileType = wrapper.framework; name = CoreData.framework; path = System/Library/Frameworks/CoreData.framework; sourceTree = SDKROOT; };
		EE4F5F021E6DB997004541C3 /* CollectionViewAutoExpandHeightDemoController.h */ = {isa = PBXFileReference; fileEncoding = 4; lastKnownFileType = sourcecode.c.h; path = CollectionViewAutoExpandHeightDemoController.h; sourceTree = "<group>"; };
		EE4F5F031E6DB997004541C3 /* CollectionViewAutoExpandHeightDemoController.m */ = {isa = PBXFileReference; fileEncoding = 4; lastKnownFileType = sourcecode.c.objc; path = CollectionViewAutoExpandHeightDemoController.m; sourceTree = "<group>"; };
		EE4F5F041E6DB997004541C3 /* CollectionViewAutoExpandHeightDemoController.xib */ = {isa = PBXFileReference; fileEncoding = 4; lastKnownFileType = file.xib; path = CollectionViewAutoExpandHeightDemoController.xib; sourceTree = "<group>"; };
		EE4F5F071E6EFEA4004541C3 /* KHTableView.h */ = {isa = PBXFileReference; fileEncoding = 4; lastKnownFileType = sourcecode.c.h; path = KHTableView.h; sourceTree = "<group>"; };
		EE4F5F081E6EFEA4004541C3 /* KHTableView.m */ = {isa = PBXFileReference; fileEncoding = 4; lastKnownFileType = sourcecode.c.objc; path = KHTableView.m; sourceTree = "<group>"; };
		EE5258BE1E750612003AC544 /* NonReuseHeaderView.h */ = {isa = PBXFileReference; fileEncoding = 4; lastKnownFileType = sourcecode.c.h; path = NonReuseHeaderView.h; sourceTree = "<group>"; };
		EE5258BF1E750612003AC544 /* NonReuseHeaderView.m */ = {isa = PBXFileReference; fileEncoding = 4; lastKnownFileType = sourcecode.c.objc; path = NonReuseHeaderView.m; sourceTree = "<group>"; };
		EE5258C11E750620003AC544 /* NonReuseHeaderView.xib */ = {isa = PBXFileReference; fileEncoding = 4; lastKnownFileType = file.xib; path = NonReuseHeaderView.xib; sourceTree = "<group>"; };
		EE5258C31E750B4C003AC544 /* MyColCell.h */ = {isa = PBXFileReference; fileEncoding = 4; lastKnownFileType = sourcecode.c.h; path = MyColCell.h; sourceTree = "<group>"; };
		EE5258C41E750B4C003AC544 /* MyColCell.m */ = {isa = PBXFileReference; fileEncoding = 4; lastKnownFileType = sourcecode.c.objc; path = MyColCell.m; sourceTree = "<group>"; };
		EE5258C51E750B4C003AC544 /* MyColCell.xib */ = {isa = PBXFileReference; fileEncoding = 4; lastKnownFileType = file.xib; path = MyColCell.xib; sourceTree = "<group>"; };
		EE5258CA1E7990AA003AC544 /* KHDataBinding.h */ = {isa = PBXFileReference; lastKnownFileType = sourcecode.c.h; path = KHDataBinding.h; sourceTree = "<group>"; };
		EE9F9A181E68587800DAF0B5 /* KHCollectionView.h */ = {isa = PBXFileReference; fileEncoding = 4; lastKnownFileType = sourcecode.c.h; path = KHCollectionView.h; sourceTree = "<group>"; };
		EE9F9A191E68587800DAF0B5 /* KHCollectionView.m */ = {isa = PBXFileReference; fileEncoding = 4; lastKnownFileType = sourcecode.c.objc; path = KHCollectionView.m; sourceTree = "<group>"; };
		EEED66111BCFA7CC002E7665 /* KHDataBindingDemo.app */ = {isa = PBXFileReference; explicitFileType = wrapper.application; includeInIndex = 0; path = KHDataBindingDemo.app; sourceTree = BUILT_PRODUCTS_DIR; };
		EEED662A1BCFA7CC002E7665 /* KHDataBindDemoTests.xctest */ = {isa = PBXFileReference; explicitFileType = wrapper.cfbundle; includeInIndex = 0; path = KHDataBindDemoTests.xctest; sourceTree = BUILT_PRODUCTS_DIR; };
		EEED662F1BCFA7CC002E7665 /* Info.plist */ = {isa = PBXFileReference; lastKnownFileType = text.plist.xml; path = Info.plist; sourceTree = "<group>"; };
		EEED66301BCFA7CC002E7665 /* KHDataBindDemoTests.m */ = {isa = PBXFileReference; lastKnownFileType = sourcecode.c.objc; path = KHDataBindDemoTests.m; sourceTree = "<group>"; };
		EEED66421BCFA87B002E7665 /* APIOperation.h */ = {isa = PBXFileReference; fileEncoding = 4; lastKnownFileType = sourcecode.c.h; path = APIOperation.h; sourceTree = "<group>"; };
		EEED66431BCFA87B002E7665 /* APIOperation.m */ = {isa = PBXFileReference; fileEncoding = 4; lastKnownFileType = sourcecode.c.objc; path = APIOperation.m; sourceTree = "<group>"; };
		EEED66441BCFA87B002E7665 /* Base64Utility.h */ = {isa = PBXFileReference; fileEncoding = 4; lastKnownFileType = sourcecode.c.h; path = Base64Utility.h; sourceTree = "<group>"; };
		EEED66451BCFA87B002E7665 /* Base64Utility.m */ = {isa = PBXFileReference; fileEncoding = 4; lastKnownFileType = sourcecode.c.objc; path = Base64Utility.m; sourceTree = "<group>"; };
		FAA060C11A05A77D3E6397B0 /* libPods.a */ = {isa = PBXFileReference; explicitFileType = archive.ar; includeInIndex = 0; path = libPods.a; sourceTree = BUILT_PRODUCTS_DIR; };
		FBAEFC524CD762BC5A567781 /* Pods-KHDataBindDemoTests.release.xcconfig */ = {isa = PBXFileReference; includeInIndex = 1; lastKnownFileType = text.xcconfig; name = "Pods-KHDataBindDemoTests.release.xcconfig"; path = "../../Pods/Target Support Files/Pods-KHDataBindDemoTests/Pods-KHDataBindDemoTests.release.xcconfig"; sourceTree = "<group>"; };
/* End PBXFileReference section */

/* Begin PBXFrameworksBuildPhase section */
		EEED660E1BCFA7CC002E7665 /* Frameworks */ = {
			isa = PBXFrameworksBuildPhase;
			buildActionMask = 2147483647;
			files = (
				EE4BD27D1C1DCB73005A77F6 /* CoreData.framework in Frameworks */,
				A029E32F2AF2C336A2F05F52 /* libPods-KHDataBindingDemo.a in Frameworks */,
			);
			runOnlyForDeploymentPostprocessing = 0;
		};
		EEED66271BCFA7CC002E7665 /* Frameworks */ = {
			isa = PBXFrameworksBuildPhase;
			buildActionMask = 2147483647;
			files = (
				91819A003E7FBADFDDA5913F /* libPods.a in Frameworks */,
				BFFAA732702E476825DFA77F /* libPods-KHDataBindDemoTests.a in Frameworks */,
			);
			runOnlyForDeploymentPostprocessing = 0;
		};
/* End PBXFrameworksBuildPhase section */

/* Begin PBXGroup section */
		A2BB5B36E93B9B3B7A56C4F9 /* Pods */ = {
			isa = PBXGroup;
			children = (
				19244B02DBCD46B887077A5F /* Pods.debug.xcconfig */,
				1B34CB95D9BF461C455A6F86 /* Pods.release.xcconfig */,
				D2ED4572CBE1021F8F6C062E /* Pods-KHDataBindDemoTests.debug.xcconfig */,
				FBAEFC524CD762BC5A567781 /* Pods-KHDataBindDemoTests.release.xcconfig */,
				D7FC716B4E3F78EA09AA782E /* Pods-KHDataBindingDemo.debug.xcconfig */,
				8E0848A9B28A808DB1806E80 /* Pods-KHDataBindingDemo.release.xcconfig */,
			);
			name = Pods;
			sourceTree = "<group>";
		};
		C18BF675E0627D4ED0B70CD9 /* Frameworks */ = {
			isa = PBXGroup;
			children = (
				EE4BD27C1C1DCB73005A77F6 /* CoreData.framework */,
				FAA060C11A05A77D3E6397B0 /* libPods.a */,
				AF824425B87FA5BC8C993C1B /* libPods-KHDataBindDemoTests.a */,
				EA3226B05A4489AEE5B6181A /* libPods-KHDataBindingDemo.a */,
			);
			name = Frameworks;
			sourceTree = "<group>";
		};
		EE2752891D644BBE00082C98 /* KHDataBindingDemo */ = {
			isa = PBXGroup;
			children = (
				EE27528A1D644BBE00082C98 /* AppDelegate.h */,
				EE27528B1D644BBE00082C98 /* AppDelegate.m */,
				EE2752A61D644BBE00082C98 /* ViewController.h */,
				EE2752A71D644BBE00082C98 /* ViewController.m */,
				EE27528E1D644BBE00082C98 /* Main.storyboard */,
				EE7FB44E1E72821D00AB200D /* TableViewDataBind */,
				EE7FB44F1E72824500AB200D /* CollectionViewDataBind */,
				EE7FB4511E72827600AB200D /* Model */,
				EE2752CC1D64527A00082C98 /* KHDataBinding.podspec */,
				EE2752CB1D644C0600082C98 /* Supporting Files */,
			);
			path = KHDataBindingDemo;
			sourceTree = "<group>";
		};
		EE2752BB1D644BE800082C98 /* KHDataBinding */ = {
			isa = PBXGroup;
			children = (
				EE5258CA1E7990AA003AC544 /* KHDataBinding.h */,
				EE2752BC1D644BE800082C98 /* KHCell.h */,
				EE2752BD1D644BE800082C98 /* KHCell.m */,
				EE2752C01D644BE800082C98 /* KHImageDownloader.h */,
				EE2752C11D644BE800082C98 /* KHImageDownloader.m */,
				EE2752C21D644BE800082C98 /* KVCModel.h */,
				EE2752C31D644BE800082C98 /* KVCModel.m */,
				EE2752C41D644BE800082C98 /* NSMutableArray+KHSwizzle.h */,
				EE2752C51D644BE800082C98 /* NSMutableArray+KHSwizzle.m */,
				EE9F9A181E68587800DAF0B5 /* KHCollectionView.h */,
				EE9F9A191E68587800DAF0B5 /* KHCollectionView.m */,
				EE4F5F071E6EFEA4004541C3 /* KHTableView.h */,
				EE4F5F081E6EFEA4004541C3 /* KHTableView.m */,
			);
			name = KHDataBinding;
			path = ../../KHDataBinding;
			sourceTree = "<group>";
		};
		EE2752CB1D644C0600082C98 /* Supporting Files */ = {
			isa = PBXGroup;
			children = (
				EE27528C1D644BBE00082C98 /* LaunchScreen.xib */,
				EE2752931D644BBE00082C98 /* Images.xcassets */,
				EE2752941D644BBE00082C98 /* Info.plist */,
				EE2752951D644BBE00082C98 /* main.m */,
			);
			name = "Supporting Files";
			sourceTree = "<group>";
		};
		EE7FB44D1E72820D00AB200D /* TableViewCell */ = {
			isa = PBXGroup;
			children = (
				EE2752991D644BBE00082C98 /* MyTableHeaderView.h */,
				EE27529A1D644BBE00082C98 /* MyTableHeaderView.m */,
				EE27529B1D644BBE00082C98 /* MyTableHeaderView.xib */,
				EE27529E1D644BBE00082C98 /* UserInfoCell.h */,
				EE27529F1D644BBE00082C98 /* UserInfoCell.m */,
				EE2752A01D644BBE00082C98 /* UserInfoCell.xib */,
				EE02D2E11E515F4B00CE4429 /* ShowArrayDataCell.h */,
				EE02D2E21E515F4B00CE4429 /* ShowArrayDataCell.m */,
				EE02D2E31E515F4B00CE4429 /* ShowArrayDataCell.xib */,
				EE02D2E61E51623400CE4429 /* ShowDictDataCell.h */,
				EE02D2E71E51623400CE4429 /* ShowDictDataCell.m */,
				EE02D2E81E51623400CE4429 /* ShowDictDataCell.xib */,
				EE02D2EB1E51636300CE4429 /* ShowDictData2Cell.h */,
				EE02D2EC1E51636300CE4429 /* ShowDictData2Cell.m */,
				EE02D2ED1E51636300CE4429 /* ShowDictData2Cell.xib */,
			);
			name = TableViewCell;
			sourceTree = "<group>";
		};
		EE7FB44E1E72821D00AB200D /* TableViewDataBind */ = {
			isa = PBXGroup;
			children = (
				97D3AE2B1E4B294D00125F1E /* TableViewDemoController.h */,
				97D3AE2C1E4B294D00125F1E /* TableViewDemoController.m */,
				97D3AE2D1E4B294D00125F1E /* TableViewDemoController.xib */,
				97D3AE301E4C055000125F1E /* AutoPaginatingTableViewDemoController.h */,
				97D3AE311E4C055000125F1E /* AutoPaginatingTableViewDemoController.m */,
				97D3AE321E4C055000125F1E /* AutoPaginatingTableViewDemoController.xib */,
				EE7FB44D1E72820D00AB200D /* TableViewCell */,
			);
			name = TableViewDataBind;
			sourceTree = "<group>";
		};
		EE7FB44F1E72824500AB200D /* CollectionViewDataBind */ = {
			isa = PBXGroup;
			children = (
				EE2752901D644BBE00082C98 /* CollectionDemoController.h */,
				EE2752911D644BBE00082C98 /* CollectionDemoController.m */,
				EE2752921D644BBE00082C98 /* CollectionDemoController.xib */,
				97D3AE351E4C056100125F1E /* AutoPaginatingCollectionViewDemoViewController.h */,
				97D3AE361E4C056100125F1E /* AutoPaginatingCollectionViewDemoViewController.m */,
				97D3AE371E4C056100125F1E /* AutoPaginatingCollectionViewDemoViewController.xib */,
				EE4F5F021E6DB997004541C3 /* CollectionViewAutoExpandHeightDemoController.h */,
				EE4F5F031E6DB997004541C3 /* CollectionViewAutoExpandHeightDemoController.m */,
				EE4F5F041E6DB997004541C3 /* CollectionViewAutoExpandHeightDemoController.xib */,
				EE7FB4501E72825500AB200D /* CollectionViewCell */,
			);
			name = CollectionViewDataBind;
			sourceTree = "<group>";
		};
		EE7FB4501E72825500AB200D /* CollectionViewCell */ = {
			isa = PBXGroup;
			children = (
				EE2752961D644BBE00082C98 /* MyColHeaderView.h */,
				EE2752971D644BBE00082C98 /* MyColHeaderView.m */,
				EE2752981D644BBE00082C98 /* MyColHeaderView.xib */,
				EE2752A11D644BBE00082C98 /* UserInfoColCell.h */,
				EE2752A21D644BBE00082C98 /* UserInfoColCell.m */,
				EE2752A31D644BBE00082C98 /* UserInfoColCell.xib */,
				EE5258BE1E750612003AC544 /* NonReuseHeaderView.h */,
				EE5258BF1E750612003AC544 /* NonReuseHeaderView.m */,
				EE5258C11E750620003AC544 /* NonReuseHeaderView.xib */,
				EE5258C31E750B4C003AC544 /* MyColCell.h */,
				EE5258C41E750B4C003AC544 /* MyColCell.m */,
				EE5258C51E750B4C003AC544 /* MyColCell.xib */,
			);
			name = CollectionViewCell;
			sourceTree = "<group>";
		};
		EE7FB4511E72827600AB200D /* Model */ = {
			isa = PBXGroup;
			children = (
				EE2752A41D644BBE00082C98 /* UserModel.h */,
				EE2752A51D644BBE00082C98 /* UserModel.m */,
			);
			name = Model;
			sourceTree = "<group>";
		};
		EEED66081BCFA7CC002E7665 = {
			isa = PBXGroup;
			children = (
				EE2752BB1D644BE800082C98 /* KHDataBinding */,
				EEED66411BCFA87B002E7665 /* OtherDev */,
				EE2752891D644BBE00082C98 /* KHDataBindingDemo */,
				EEED662D1BCFA7CC002E7665 /* KHDataBindDemoTests */,
				EEED66121BCFA7CC002E7665 /* Products */,
				A2BB5B36E93B9B3B7A56C4F9 /* Pods */,
				C18BF675E0627D4ED0B70CD9 /* Frameworks */,
			);
			sourceTree = "<group>";
		};
		EEED66121BCFA7CC002E7665 /* Products */ = {
			isa = PBXGroup;
			children = (
				EEED66111BCFA7CC002E7665 /* KHDataBindingDemo.app */,
				EEED662A1BCFA7CC002E7665 /* KHDataBindDemoTests.xctest */,
			);
			name = Products;
			sourceTree = "<group>";
		};
		EEED662D1BCFA7CC002E7665 /* KHDataBindDemoTests */ = {
			isa = PBXGroup;
			children = (
				EEED66301BCFA7CC002E7665 /* KHDataBindDemoTests.m */,
				EE3DCDC41C19DD7B00363397 /* NSMutableArraySwizzlingTest.m */,
				EEED662E1BCFA7CC002E7665 /* Supporting Files */,
			);
			path = KHDataBindDemoTests;
			sourceTree = "<group>";
		};
		EEED662E1BCFA7CC002E7665 /* Supporting Files */ = {
			isa = PBXGroup;
			children = (
				EEED662F1BCFA7CC002E7665 /* Info.plist */,
			);
			name = "Supporting Files";
			sourceTree = "<group>";
		};
		EEED66411BCFA87B002E7665 /* OtherDev */ = {
			isa = PBXGroup;
			children = (
				EEED66421BCFA87B002E7665 /* APIOperation.h */,
				EEED66431BCFA87B002E7665 /* APIOperation.m */,
				EEED66441BCFA87B002E7665 /* Base64Utility.h */,
				EEED66451BCFA87B002E7665 /* Base64Utility.m */,
			);
			name = OtherDev;
			path = ../../OtherDev;
			sourceTree = "<group>";
		};
/* End PBXGroup section */

/* Begin PBXNativeTarget section */
		EEED66101BCFA7CC002E7665 /* KHDataBindingDemo */ = {
			isa = PBXNativeTarget;
			buildConfigurationList = EEED66341BCFA7CC002E7665 /* Build configuration list for PBXNativeTarget "KHDataBindingDemo" */;
			buildPhases = (
				BAC65F1BBDD3C01326232A36 /* [CP] Check Pods Manifest.lock */,
				EEED660D1BCFA7CC002E7665 /* Sources */,
				EEED660E1BCFA7CC002E7665 /* Frameworks */,
				EEED660F1BCFA7CC002E7665 /* Resources */,
				A554BD05945AF87D162A4BFA /* [CP] Embed Pods Frameworks */,
				30FB364054C18ADFA0C8B678 /* [CP] Copy Pods Resources */,
			);
			buildRules = (
			);
			dependencies = (
			);
			name = KHDataBindingDemo;
			productName = KHDataBindDemo;
			productReference = EEED66111BCFA7CC002E7665 /* KHDataBindingDemo.app */;
			productType = "com.apple.product-type.application";
		};
		EEED66291BCFA7CC002E7665 /* KHDataBindDemoTests */ = {
			isa = PBXNativeTarget;
			buildConfigurationList = EEED66371BCFA7CC002E7665 /* Build configuration list for PBXNativeTarget "KHDataBindDemoTests" */;
			buildPhases = (
				46A436772492A09097CFBDBA /* [CP] Check Pods Manifest.lock */,
				EEED66261BCFA7CC002E7665 /* Sources */,
				EEED66271BCFA7CC002E7665 /* Frameworks */,
				EEED66281BCFA7CC002E7665 /* Resources */,
				996B6CAFA55BA735AC885062 /* [CP] Embed Pods Frameworks */,
				21518764C06ED82170E6ECDF /* [CP] Copy Pods Resources */,
			);
			buildRules = (
			);
			dependencies = (
				EEED662C1BCFA7CC002E7665 /* PBXTargetDependency */,
			);
			name = KHDataBindDemoTests;
			productName = KHDataBindDemoTests;
			productReference = EEED662A1BCFA7CC002E7665 /* KHDataBindDemoTests.xctest */;
			productType = "com.apple.product-type.bundle.unit-test";
		};
/* End PBXNativeTarget section */

/* Begin PBXProject section */
		EEED66091BCFA7CC002E7665 /* Project object */ = {
			isa = PBXProject;
			attributes = {
				LastUpgradeCheck = 0820;
				ORGANIZATIONNAME = omg;
				TargetAttributes = {
					EEED66101BCFA7CC002E7665 = {
						CreatedOnToolsVersion = 6.3.2;
						ProvisioningStyle = Manual;
					};
					EEED66291BCFA7CC002E7665 = {
						CreatedOnToolsVersion = 6.3.2;
						TestTargetID = EEED66101BCFA7CC002E7665;
					};
				};
			};
			buildConfigurationList = EEED660C1BCFA7CC002E7665 /* Build configuration list for PBXProject "KHDataBindingDemo" */;
			compatibilityVersion = "Xcode 3.2";
			developmentRegion = English;
			hasScannedForEncodings = 0;
			knownRegions = (
				en,
				Base,
			);
			mainGroup = EEED66081BCFA7CC002E7665;
			productRefGroup = EEED66121BCFA7CC002E7665 /* Products */;
			projectDirPath = "";
			projectRoot = "";
			targets = (
				EEED66101BCFA7CC002E7665 /* KHDataBindingDemo */,
				EEED66291BCFA7CC002E7665 /* KHDataBindDemoTests */,
			);
		};
/* End PBXProject section */

/* Begin PBXResourcesBuildPhase section */
		EEED660F1BCFA7CC002E7665 /* Resources */ = {
			isa = PBXResourcesBuildPhase;
			buildActionMask = 2147483647;
			files = (
				EE4F5F061E6DB997004541C3 /* CollectionViewAutoExpandHeightDemoController.xib in Resources */,
				EE5258C71E750B4C003AC544 /* MyColCell.xib in Resources */,
				97D3AE341E4C055000125F1E /* AutoPaginatingTableViewDemoController.xib in Resources */,
				EE2752B31D644BBE00082C98 /* MyTableHeaderView.xib in Resources */,
				EE2752AC1D644BBE00082C98 /* CollectionDemoController.xib in Resources */,
				EE5258C21E750620003AC544 /* NonReuseHeaderView.xib in Resources */,
				EE02D2EA1E51623400CE4429 /* ShowDictDataCell.xib in Resources */,
				97D3AE391E4C056100125F1E /* AutoPaginatingCollectionViewDemoViewController.xib in Resources */,
				EE2752AD1D644BBE00082C98 /* Images.xcassets in Resources */,
				EE02D2EF1E51636300CE4429 /* ShowDictData2Cell.xib in Resources */,
				EE2752A91D644BBE00082C98 /* LaunchScreen.xib in Resources */,
				EE2752B81D644BBE00082C98 /* UserInfoColCell.xib in Resources */,
				97D3AE2F1E4B294D00125F1E /* TableViewDemoController.xib in Resources */,
				EE2752B61D644BBE00082C98 /* UserInfoCell.xib in Resources */,
				EE2752B11D644BBE00082C98 /* MyColHeaderView.xib in Resources */,
				EE02D2E51E515F4B00CE4429 /* ShowArrayDataCell.xib in Resources */,
				EE2752AA1D644BBE00082C98 /* Main.storyboard in Resources */,
			);
			runOnlyForDeploymentPostprocessing = 0;
		};
		EEED66281BCFA7CC002E7665 /* Resources */ = {
			isa = PBXResourcesBuildPhase;
			buildActionMask = 2147483647;
			files = (
			);
			runOnlyForDeploymentPostprocessing = 0;
		};
/* End PBXResourcesBuildPhase section */

/* Begin PBXShellScriptBuildPhase section */
		21518764C06ED82170E6ECDF /* [CP] Copy Pods Resources */ = {
			isa = PBXShellScriptBuildPhase;
			buildActionMask = 2147483647;
			files = (
			);
			inputPaths = (
			);
			name = "[CP] Copy Pods Resources";
			outputPaths = (
			);
			runOnlyForDeploymentPostprocessing = 0;
			shellPath = /bin/sh;
			shellScript = "\"${SRCROOT}/../../Pods/Target Support Files/Pods-KHDataBindDemoTests/Pods-KHDataBindDemoTests-resources.sh\"\n";
			showEnvVarsInLog = 0;
		};
		30FB364054C18ADFA0C8B678 /* [CP] Copy Pods Resources */ = {
			isa = PBXShellScriptBuildPhase;
			buildActionMask = 2147483647;
			files = (
			);
			inputPaths = (
			);
			name = "[CP] Copy Pods Resources";
			outputPaths = (
			);
			runOnlyForDeploymentPostprocessing = 0;
			shellPath = /bin/sh;
			shellScript = "\"${SRCROOT}/../../Pods/Target Support Files/Pods-KHDataBindingDemo/Pods-KHDataBindingDemo-resources.sh\"\n";
			showEnvVarsInLog = 0;
		};
		46A436772492A09097CFBDBA /* [CP] Check Pods Manifest.lock */ = {
			isa = PBXShellScriptBuildPhase;
			buildActionMask = 2147483647;
			files = (
			);
			inputPaths = (
			);
			name = "[CP] Check Pods Manifest.lock";
			outputPaths = (
			);
			runOnlyForDeploymentPostprocessing = 0;
			shellPath = /bin/sh;
			shellScript = "diff \"${PODS_ROOT}/../Podfile.lock\" \"${PODS_ROOT}/Manifest.lock\" > /dev/null\nif [ $? != 0 ] ; then\n    # print error to STDERR\n    echo \"error: The sandbox is not in sync with the Podfile.lock. Run 'pod install' or update your CocoaPods installation.\" >&2\n    exit 1\nfi\n";
			showEnvVarsInLog = 0;
		};
		996B6CAFA55BA735AC885062 /* [CP] Embed Pods Frameworks */ = {
			isa = PBXShellScriptBuildPhase;
			buildActionMask = 2147483647;
			files = (
			);
			inputPaths = (
			);
			name = "[CP] Embed Pods Frameworks";
			outputPaths = (
			);
			runOnlyForDeploymentPostprocessing = 0;
			shellPath = /bin/sh;
			shellScript = "\"${SRCROOT}/../../Pods/Target Support Files/Pods-KHDataBindDemoTests/Pods-KHDataBindDemoTests-frameworks.sh\"\n";
			showEnvVarsInLog = 0;
		};
		A554BD05945AF87D162A4BFA /* [CP] Embed Pods Frameworks */ = {
			isa = PBXShellScriptBuildPhase;
			buildActionMask = 2147483647;
			files = (
			);
			inputPaths = (
			);
			name = "[CP] Embed Pods Frameworks";
			outputPaths = (
			);
			runOnlyForDeploymentPostprocessing = 0;
			shellPath = /bin/sh;
			shellScript = "\"${SRCROOT}/../../Pods/Target Support Files/Pods-KHDataBindingDemo/Pods-KHDataBindingDemo-frameworks.sh\"\n";
			showEnvVarsInLog = 0;
		};
		BAC65F1BBDD3C01326232A36 /* [CP] Check Pods Manifest.lock */ = {
			isa = PBXShellScriptBuildPhase;
			buildActionMask = 2147483647;
			files = (
			);
			inputPaths = (
			);
			name = "[CP] Check Pods Manifest.lock";
			outputPaths = (
			);
			runOnlyForDeploymentPostprocessing = 0;
			shellPath = /bin/sh;
			shellScript = "diff \"${PODS_ROOT}/../Podfile.lock\" \"${PODS_ROOT}/Manifest.lock\" > /dev/null\nif [ $? != 0 ] ; then\n    # print error to STDERR\n    echo \"error: The sandbox is not in sync with the Podfile.lock. Run 'pod install' or update your CocoaPods installation.\" >&2\n    exit 1\nfi\n";
			showEnvVarsInLog = 0;
		};
/* End PBXShellScriptBuildPhase section */

/* Begin PBXSourcesBuildPhase section */
		EEED660D1BCFA7CC002E7665 /* Sources */ = {
			isa = PBXSourcesBuildPhase;
			buildActionMask = 2147483647;
			files = (
				EE5258C61E750B4C003AC544 /* MyColCell.m in Sources */,
				EE2752BA1D644BBE00082C98 /* ViewController.m in Sources */,
				EE2752B71D644BBE00082C98 /* UserInfoColCell.m in Sources */,
				EE2752CA1D644BE800082C98 /* NSMutableArray+KHSwizzle.m in Sources */,
				97D3AE2E1E4B294D00125F1E /* TableViewDemoController.m in Sources */,
				EE2752AF1D644BBE00082C98 /* main.m in Sources */,
				EE2752C81D644BE800082C98 /* KHImageDownloader.m in Sources */,
				EE4F5F091E6EFEA4004541C3 /* KHTableView.m in Sources */,
				EE2752B21D644BBE00082C98 /* MyTableHeaderView.m in Sources */,
				97D3AE381E4C056100125F1E /* AutoPaginatingCollectionViewDemoViewController.m in Sources */,
				EE02D2E41E515F4B00CE4429 /* ShowArrayDataCell.m in Sources */,
				EE02D2EE1E51636300CE4429 /* ShowDictData2Cell.m in Sources */,
				EE2752AB1D644BBE00082C98 /* CollectionDemoController.m in Sources */,
				EE02D2E91E51623400CE4429 /* ShowDictDataCell.m in Sources */,
				EEED664F1BCFA87B002E7665 /* APIOperation.m in Sources */,
				EE2752B91D644BBE00082C98 /* UserModel.m in Sources */,
				EE2752C61D644BE800082C98 /* KHCell.m in Sources */,
				EE2752C91D644BE800082C98 /* KVCModel.m in Sources */,
				EEED66501BCFA87B002E7665 /* Base64Utility.m in Sources */,
				EE2752B01D644BBE00082C98 /* MyColHeaderView.m in Sources */,
				97D3AE331E4C055000125F1E /* AutoPaginatingTableViewDemoController.m in Sources */,
				EE4F5F051E6DB997004541C3 /* CollectionViewAutoExpandHeightDemoController.m in Sources */,
				EE5258C01E750612003AC544 /* NonReuseHeaderView.m in Sources */,
				EE2752B51D644BBE00082C98 /* UserInfoCell.m in Sources */,
				EE2752A81D644BBE00082C98 /* AppDelegate.m in Sources */,
				EE9F9A1A1E68587800DAF0B5 /* KHCollectionView.m in Sources */,
			);
			runOnlyForDeploymentPostprocessing = 0;
		};
		EEED66261BCFA7CC002E7665 /* Sources */ = {
			isa = PBXSourcesBuildPhase;
			buildActionMask = 2147483647;
			files = (
				EEED66311BCFA7CC002E7665 /* KHDataBindDemoTests.m in Sources */,
				EE3DCDC51C19DD7B00363397 /* NSMutableArraySwizzlingTest.m in Sources */,
			);
			runOnlyForDeploymentPostprocessing = 0;
		};
/* End PBXSourcesBuildPhase section */

/* Begin PBXTargetDependency section */
		EEED662C1BCFA7CC002E7665 /* PBXTargetDependency */ = {
			isa = PBXTargetDependency;
			target = EEED66101BCFA7CC002E7665 /* KHDataBindingDemo */;
			targetProxy = EEED662B1BCFA7CC002E7665 /* PBXContainerItemProxy */;
		};
/* End PBXTargetDependency section */

/* Begin PBXVariantGroup section */
		EE27528C1D644BBE00082C98 /* LaunchScreen.xib */ = {
			isa = PBXVariantGroup;
			children = (
				EE27528D1D644BBE00082C98 /* Base */,
			);
			name = LaunchScreen.xib;
			sourceTree = "<group>";
		};
		EE27528E1D644BBE00082C98 /* Main.storyboard */ = {
			isa = PBXVariantGroup;
			children = (
				EE27528F1D644BBE00082C98 /* Base */,
			);
			name = Main.storyboard;
			sourceTree = "<group>";
		};
/* End PBXVariantGroup section */

/* Begin XCBuildConfiguration section */
		EEED66321BCFA7CC002E7665 /* Debug */ = {
			isa = XCBuildConfiguration;
			buildSettings = {
				ALWAYS_SEARCH_USER_PATHS = NO;
				CLANG_CXX_LANGUAGE_STANDARD = "gnu++0x";
				CLANG_CXX_LIBRARY = "libc++";
				CLANG_ENABLE_MODULES = YES;
				CLANG_ENABLE_OBJC_ARC = YES;
				CLANG_WARN_BOOL_CONVERSION = YES;
				CLANG_WARN_CONSTANT_CONVERSION = YES;
				CLANG_WARN_DIRECT_OBJC_ISA_USAGE = YES_ERROR;
				CLANG_WARN_EMPTY_BODY = YES;
				CLANG_WARN_ENUM_CONVERSION = YES;
				CLANG_WARN_INFINITE_RECURSION = YES;
				CLANG_WARN_INT_CONVERSION = YES;
				CLANG_WARN_OBJC_ROOT_CLASS = YES_ERROR;
				CLANG_WARN_SUSPICIOUS_MOVE = YES;
				CLANG_WARN_UNREACHABLE_CODE = YES;
				CLANG_WARN__DUPLICATE_METHOD_MATCH = YES;
				"CODE_SIGN_IDENTITY[sdk=iphoneos*]" = "iPhone Developer";
				COPY_PHASE_STRIP = NO;
				DEBUG_INFORMATION_FORMAT = "dwarf-with-dsym";
				ENABLE_STRICT_OBJC_MSGSEND = YES;
				ENABLE_TESTABILITY = YES;
				GCC_C_LANGUAGE_STANDARD = gnu99;
				GCC_DYNAMIC_NO_PIC = NO;
				GCC_NO_COMMON_BLOCKS = YES;
				GCC_OPTIMIZATION_LEVEL = 0;
				GCC_PREPROCESSOR_DEFINITIONS = (
					"DEBUG=1",
					"$(inherited)",
				);
				GCC_SYMBOLS_PRIVATE_EXTERN = NO;
				GCC_WARN_64_TO_32_BIT_CONVERSION = YES;
				GCC_WARN_ABOUT_RETURN_TYPE = YES_ERROR;
				GCC_WARN_UNDECLARED_SELECTOR = YES;
				GCC_WARN_UNINITIALIZED_AUTOS = YES_AGGRESSIVE;
				GCC_WARN_UNUSED_FUNCTION = YES;
				GCC_WARN_UNUSED_VARIABLE = YES;
				IPHONEOS_DEPLOYMENT_TARGET = 8.3;
				MTL_ENABLE_DEBUG_INFO = YES;
				ONLY_ACTIVE_ARCH = YES;
				SDKROOT = iphoneos;
				TARGETED_DEVICE_FAMILY = "1,2";
			};
			name = Debug;
		};
		EEED66331BCFA7CC002E7665 /* Release */ = {
			isa = XCBuildConfiguration;
			buildSettings = {
				ALWAYS_SEARCH_USER_PATHS = NO;
				CLANG_CXX_LANGUAGE_STANDARD = "gnu++0x";
				CLANG_CXX_LIBRARY = "libc++";
				CLANG_ENABLE_MODULES = YES;
				CLANG_ENABLE_OBJC_ARC = YES;
				CLANG_WARN_BOOL_CONVERSION = YES;
				CLANG_WARN_CONSTANT_CONVERSION = YES;
				CLANG_WARN_DIRECT_OBJC_ISA_USAGE = YES_ERROR;
				CLANG_WARN_EMPTY_BODY = YES;
				CLANG_WARN_ENUM_CONVERSION = YES;
				CLANG_WARN_INFINITE_RECURSION = YES;
				CLANG_WARN_INT_CONVERSION = YES;
				CLANG_WARN_OBJC_ROOT_CLASS = YES_ERROR;
				CLANG_WARN_SUSPICIOUS_MOVE = YES;
				CLANG_WARN_UNREACHABLE_CODE = YES;
				CLANG_WARN__DUPLICATE_METHOD_MATCH = YES;
				"CODE_SIGN_IDENTITY[sdk=iphoneos*]" = "iPhone Developer";
				COPY_PHASE_STRIP = NO;
				DEBUG_INFORMATION_FORMAT = "dwarf-with-dsym";
				ENABLE_NS_ASSERTIONS = NO;
				ENABLE_STRICT_OBJC_MSGSEND = YES;
				GCC_C_LANGUAGE_STANDARD = gnu99;
				GCC_NO_COMMON_BLOCKS = YES;
				GCC_WARN_64_TO_32_BIT_CONVERSION = YES;
				GCC_WARN_ABOUT_RETURN_TYPE = YES_ERROR;
				GCC_WARN_UNDECLARED_SELECTOR = YES;
				GCC_WARN_UNINITIALIZED_AUTOS = YES_AGGRESSIVE;
				GCC_WARN_UNUSED_FUNCTION = YES;
				GCC_WARN_UNUSED_VARIABLE = YES;
				IPHONEOS_DEPLOYMENT_TARGET = 8.3;
				MTL_ENABLE_DEBUG_INFO = NO;
				SDKROOT = iphoneos;
				TARGETED_DEVICE_FAMILY = "1,2";
				VALIDATE_PRODUCT = YES;
			};
			name = Release;
		};
		EEED66351BCFA7CC002E7665 /* Debug */ = {
			isa = XCBuildConfiguration;
			baseConfigurationReference = D7FC716B4E3F78EA09AA782E /* Pods-KHDataBindingDemo.debug.xcconfig */;
			buildSettings = {
				ASSETCATALOG_COMPILER_APPICON_NAME = AppIcon;
				DEVELOPMENT_TEAM = "";
				INFOPLIST_FILE = "$(SRCROOT)/KHDataBindingDemo/Info.plist";
				LD_RUNPATH_SEARCH_PATHS = "$(inherited) @executable_path/Frameworks";
				PRODUCT_BUNDLE_IDENTIFIER = "com.gevin.$(PRODUCT_NAME:rfc1034identifier)";
				PRODUCT_NAME = "$(TARGET_NAME)";
			};
			name = Debug;
		};
		EEED66361BCFA7CC002E7665 /* Release */ = {
			isa = XCBuildConfiguration;
			baseConfigurationReference = 8E0848A9B28A808DB1806E80 /* Pods-KHDataBindingDemo.release.xcconfig */;
			buildSettings = {
				ASSETCATALOG_COMPILER_APPICON_NAME = AppIcon;
				DEVELOPMENT_TEAM = "";
				INFOPLIST_FILE = "$(SRCROOT)/KHDataBindingDemo/Info.plist";
				LD_RUNPATH_SEARCH_PATHS = "$(inherited) @executable_path/Frameworks";
				PRODUCT_BUNDLE_IDENTIFIER = "com.gevin.$(PRODUCT_NAME:rfc1034identifier)";
				PRODUCT_NAME = "$(TARGET_NAME)";
			};
			name = Release;
		};
		EEED66381BCFA7CC002E7665 /* Debug */ = {
			isa = XCBuildConfiguration;
			baseConfigurationReference = D2ED4572CBE1021F8F6C062E /* Pods-KHDataBindDemoTests.debug.xcconfig */;
			buildSettings = {
				BUNDLE_LOADER = "$(TEST_HOST)";
				FRAMEWORK_SEARCH_PATHS = (
					"$(SDKROOT)/Developer/Library/Frameworks",
					"$(inherited)",
				);
				GCC_PREPROCESSOR_DEFINITIONS = (
					"DEBUG=1",
					"$(inherited)",
				);
				INFOPLIST_FILE = KHDataBindDemoTests/Info.plist;
				LD_RUNPATH_SEARCH_PATHS = "$(inherited) @executable_path/Frameworks @loader_path/Frameworks";
				PRODUCT_BUNDLE_IDENTIFIER = "com.gevin.$(PRODUCT_NAME:rfc1034identifier)";
				PRODUCT_NAME = "$(TARGET_NAME)";
				TEST_HOST = "$(BUILT_PRODUCTS_DIR)/KHDataBindDemo.app/KHDataBindDemo";
			};
			name = Debug;
		};
		EEED66391BCFA7CC002E7665 /* Release */ = {
			isa = XCBuildConfiguration;
			baseConfigurationReference = FBAEFC524CD762BC5A567781 /* Pods-KHDataBindDemoTests.release.xcconfig */;
			buildSettings = {
				BUNDLE_LOADER = "$(TEST_HOST)";
				FRAMEWORK_SEARCH_PATHS = (
					"$(SDKROOT)/Developer/Library/Frameworks",
					"$(inherited)",
				);
				INFOPLIST_FILE = KHDataBindDemoTests/Info.plist;
				LD_RUNPATH_SEARCH_PATHS = "$(inherited) @executable_path/Frameworks @loader_path/Frameworks";
				PRODUCT_BUNDLE_IDENTIFIER = "com.gevin.$(PRODUCT_NAME:rfc1034identifier)";
				PRODUCT_NAME = "$(TARGET_NAME)";
				TEST_HOST = "$(BUILT_PRODUCTS_DIR)/KHDataBindDemo.app/KHDataBindDemo";
			};
			name = Release;
		};
/* End XCBuildConfiguration section */

/* Begin XCConfigurationList section */
		EEED660C1BCFA7CC002E7665 /* Build configuration list for PBXProject "KHDataBindingDemo" */ = {
			isa = XCConfigurationList;
			buildConfigurations = (
				EEED66321BCFA7CC002E7665 /* Debug */,
				EEED66331BCFA7CC002E7665 /* Release */,
			);
			defaultConfigurationIsVisible = 0;
			defaultConfigurationName = Release;
		};
		EEED66341BCFA7CC002E7665 /* Build configuration list for PBXNativeTarget "KHDataBindingDemo" */ = {
			isa = XCConfigurationList;
			buildConfigurations = (
				EEED66351BCFA7CC002E7665 /* Debug */,
				EEED66361BCFA7CC002E7665 /* Release */,
			);
			defaultConfigurationIsVisible = 0;
			defaultConfigurationName = Release;
		};
		EEED66371BCFA7CC002E7665 /* Build configuration list for PBXNativeTarget "KHDataBindDemoTests" */ = {
			isa = XCConfigurationList;
			buildConfigurations = (
				EEED66381BCFA7CC002E7665 /* Debug */,
				EEED66391BCFA7CC002E7665 /* Release */,
			);
			defaultConfigurationIsVisible = 0;
			defaultConfigurationName = Release;
		};
/* End XCConfigurationList section */
	};
	rootObject = EEED66091BCFA7CC002E7665 /* Project object */;
}
